{
  "pins" : [
    {
      "identity" : "bluetooth",
      "kind" : "remoteSourceControl",
      "location" : "https://github.com/PureSwift/Bluetooth.git",
      "state" : {
        "revision" : "1eb838e98405d45b7d287bae9d5e962acbdcbf3d",
        "version" : "6.1.1"
      }
    },
    {
      "identity" : "bluetoothlinux",
      "kind" : "remoteSourceControl",
      "location" : "https://github.com/PureSwift/BluetoothLinux.git",
      "state" : {
        "branch" : "master",
        "revision" : "b086cec00bae14ff7e49508ae0328d37e1c7c5fc"
      }
    },
    {
      "identity" : "cloudkitcodable",
      "kind" : "remoteSourceControl",
      "location" : "https://github.com/colemancda/CloudKitCodable.git",
      "state" : {
        "branch" : "master",
        "revision" : "598e04c5c6f1162d51fdc45d11c85574d39ee85c"
      }
    },
    {
      "identity" : "codescanner",
      "kind" : "remoteSourceControl",
      "location" : "https://github.com/twostraws/CodeScanner.git",
      "state" : {
        "revision" : "c7859712034a08bb5a018fbe8751c1f1edc4b248",
        "version" : "2.2.1"
      }
    },
    {
      "identity" : "gatt",
      "kind" : "remoteSourceControl",
      "location" : "https://github.com/PureSwift/GATT.git",
      "state" : {
        "branch" : "master",
        "revision" : "1c73155186f93402cf20bc9798e224e56bffd8f5"
      }
    },
    {
      "identity" : "http",
      "kind" : "remoteSourceControl",
      "location" : "https://github.com/PureSwift/HTTP.git",
      "state" : {
        "branch" : "master",
        "revision" : "fd24367ec1c2f12bd0eec8ed969bbab7324b2068"
      }
    },
    {
      "identity" : "keychainaccess",
      "kind" : "remoteSourceControl",
      "location" : "https://github.com/MillerTechnologyPeru/KeychainAccess.git",
      "state" : {
        "branch" : "master",
        "revision" : "ee878eaeb3efa09753a9e29e8deb8c331b96f3c8"
      }
    },
    {
      "identity" : "predicate",
      "kind" : "remoteSourceControl",
      "location" : "https://github.com/PureSwift/Predicate",
      "state" : {
        "revision" : "7e0d2fd1fa4104db408903ea3d7def9bc613f8fb",
        "version" : "1.1.1"
      }
    },
    {
      "identity" : "sfsafesymbols",
      "kind" : "remoteSourceControl",
      "location" : "https://github.com/piknotech/SFSafeSymbols.git",
      "state" : {
        "revision" : "50bc33264e6c0972f905b61af656201cf6091de8",
        "version" : "4.0.0"
      }
    },
    {
      "identity" : "socket",
      "kind" : "remoteSourceControl",
      "location" : "https://github.com/PureSwift/Socket.git",
      "state" : {
        "branch" : "main",
        "revision" : "251d781a5ef6a7d4b8a3106f3d574a79de232780"
      }
    },
    {
      "identity" : "swift-algorithms",
      "kind" : "remoteSourceControl",
      "location" : "https://github.com/apple/swift-algorithms.git",
      "state" : {
        "revision" : "b14b7f4c528c942f121c8b860b9410b2bf57825e",
        "version" : "1.0.0"
      }
    },
    {
      "identity" : "swift-numerics",
      "kind" : "remoteSourceControl",
      "location" : "https://github.com/apple/swift-numerics",
      "state" : {
        "revision" : "0a5bc04095a675662cf24757cc0640aa2204253b",
        "version" : "1.0.2"
      }
    },
    {
      "identity" : "swift-system",
      "kind" : "remoteSourceControl",
      "location" : "https://github.com/PureSwift/swift-system",
      "state" : {
        "branch" : "feature/dynamic-lib",
        "revision" : "3e5be49e7cee5ba46f5b5bc994f08061dd9fe92a"
      }
    },
    {
      "identity" : "swiftygpio",
      "kind" : "remoteSourceControl",
      "location" : "https://github.com/uraimo/SwiftyGPIO.git",
      "state" : {
        "branch" : "master",
        "revision" : "1754dc31e4d648c6999b3e664d8669d1a87c22eb"
      }
    },
    {
      "identity" : "tlvcoding",
      "kind" : "remoteSourceControl",
      "location" : "https://github.com/PureSwift/TLVCoding.git",
      "state" : {
        "branch" : "master",
        "revision" : "49eae2e68320dbe1533eb2880ee82f7b6144517a"
      }
    }
  ],
  "version" : 2
}
