{
  "pins" : [
    {
      "identity" : "bluetooth",
      "kind" : "remoteSourceControl",
      "location" : "https://github.com/PureSwift/Bluetooth.git",
      "state" : {
        "revision" : "f28f73c1ff5e0877c212300ab356997e7e9570fa",
        "version" : "6.1.0"
      }
    },
    {
      "identity" : "bluetoothlinux",
      "kind" : "remoteSourceControl",
      "location" : "https://github.com/PureSwift/BluetoothLinux.git",
      "state" : {
        "branch" : "master",
        "revision" : "ddd5493bd5382ca0132b8ca121dd35c7554ab7d0"
      }
    },
    {
      "identity" : "cloudkitcodable",
      "kind" : "remoteSourceControl",
      "location" : "https://github.com/colemancda/CloudKitCodable.git",
      "state" : {
        "branch" : "master",
        "revision" : "598e04c5c6f1162d51fdc45d11c85574d39ee85c"
      }
    },
    {
      "identity" : "gatt",
      "kind" : "remoteSourceControl",
      "location" : "https://github.com/PureSwift/GATT.git",
      "state" : {
        "branch" : "master",
        "revision" : "579ffd583f9a32a88e68b69e12eb85856ee165cb"
      }
    },
    {
      "identity" : "keychainaccess",
      "kind" : "remoteSourceControl",
      "location" : "https://github.com/MillerTechnologyPeru/KeychainAccess.git",
      "state" : {
        "branch" : "master",
        "revision" : "ee878eaeb3efa09753a9e29e8deb8c331b96f3c8"
      }
    },
    {
      "identity" : "predicate",
      "kind" : "remoteSourceControl",
      "location" : "https://github.com/PureSwift/Predicate",
      "state" : {
        "revision" : "7e0d2fd1fa4104db408903ea3d7def9bc613f8fb",
        "version" : "1.1.1"
      }
    },
    {
      "identity" : "sfsafesymbols",
      "kind" : "remoteSourceControl",
      "location" : "https://github.com/piknotech/SFSafeSymbols.git",
      "state" : {
        "revision" : "50bc33264e6c0972f905b61af656201cf6091de8",
        "version" : "4.0.0"
      }
    },
    {
      "identity" : "socket",
      "kind" : "remoteSourceControl",
      "location" : "https://github.com/PureSwift/Socket.git",
      "state" : {
        "branch" : "main",
        "revision" : "c5d21b3b37a0fb55abee4c754e96ef552862d8a3"
      }
    },
    {
      "identity" : "swift-system",
      "kind" : "remoteSourceControl",
      "location" : "https://github.com/PureSwift/swift-system",
      "state" : {
        "branch" : "feature/dynamic-lib",
        "revision" : "3e5be49e7cee5ba46f5b5bc994f08061dd9fe92a"
      }
    },
    {
      "identity" : "swiftygpio",
      "kind" : "remoteSourceControl",
      "location" : "https://github.com/uraimo/SwiftyGPIO.git",
      "state" : {
        "branch" : "master",
        "revision" : "1754dc31e4d648c6999b3e664d8669d1a87c22eb"
      }
    },
    {
      "identity" : "tlvcoding",
      "kind" : "remoteSourceControl",
      "location" : "https://github.com/PureSwift/TLVCoding.git",
      "state" : {
        "branch" : "master",
        "revision" : "49eae2e68320dbe1533eb2880ee82f7b6144517a"
      }
    }
  ],
  "version" : 2
}
