{
  "pins" : [
    {
      "identity" : "bluetooth",
      "kind" : "remoteSourceControl",
      "location" : "https://github.com/PureSwift/Bluetooth.git",
      "state" : {
        "revision" : "0e1e2527835a72df5cb27ca0d0566770813cb327",
        "version" : "6.3.0"
      }
    },
    {
      "identity" : "bluetoothlinux",
      "kind" : "remoteSourceControl",
      "location" : "https://github.com/PureSwift/BluetoothLinux.git",
      "state" : {
        "branch" : "master",
        "revision" : "b086cec00bae14ff7e49508ae0328d37e1c7c5fc"
      }
    },
    {
      "identity" : "cloudkitcodable",
      "kind" : "remoteSourceControl",
      "location" : "https://github.com/colemancda/CloudKitCodable.git",
      "state" : {
        "branch" : "master",
        "revision" : "598e04c5c6f1162d51fdc45d11c85574d39ee85c"
      }
    },
    {
      "identity" : "codescanner",
      "kind" : "remoteSourceControl",
      "location" : "https://github.com/twostraws/CodeScanner.git",
      "state" : {
        "revision" : "d8f10d992ef32a4187b78a6df320facf75d631d8",
        "version" : "2.3.1"
      }
    },
    {
      "identity" : "gatt",
      "kind" : "remoteSourceControl",
      "location" : "https://github.com/PureSwift/GATT.git",
      "state" : {
        "branch" : "master",
        "revision" : "791d40a75275369538ab62f7c7f702364d6b10d5"
      }
    },
    {
      "identity" : "http",
      "kind" : "remoteSourceControl",
      "location" : "https://github.com/PureSwift/HTTP.git",
      "state" : {
        "branch" : "master",
        "revision" : "fd24367ec1c2f12bd0eec8ed969bbab7324b2068"
      }
    },
    {
      "identity" : "keychainaccess",
      "kind" : "remoteSourceControl",
      "location" : "https://github.com/MillerTechnologyPeru/KeychainAccess.git",
      "state" : {
        "branch" : "master",
        "revision" : "ee878eaeb3efa09753a9e29e8deb8c331b96f3c8"
      }
    },
    {
      "identity" : "predicate",
      "kind" : "remoteSourceControl",
      "location" : "https://github.com/PureSwift/Predicate",
      "state" : {
        "revision" : "79453305d5d441eb4bba15e715f8546a5ff3a5d4",
        "version" : "1.2.0"
      }
    },
    {
      "identity" : "sfsafesymbols",
      "kind" : "remoteSourceControl",
      "location" : "https://github.com/piknotech/SFSafeSymbols.git",
      "state" : {
        "revision" : "7cca2d60925876b5953a2cf7341cd80fbeac983c",
        "version" : "4.1.1"
      }
    },
    {
      "identity" : "socket",
      "kind" : "remoteSourceControl",
      "location" : "https://github.com/PureSwift/Socket.git",
      "state" : {
        "branch" : "main",
        "revision" : "6df639138e2d3ef26d2992f5691b59049bf75e91"
      }
    },
    {
      "identity" : "swift-algorithms",
      "kind" : "remoteSourceControl",
      "location" : "https://github.com/apple/swift-algorithms.git",
      "state" : {
        "revision" : "b14b7f4c528c942f121c8b860b9410b2bf57825e",
        "version" : "1.0.0"
      }
    },
    {
      "identity" : "swift-numerics",
      "kind" : "remoteSourceControl",
      "location" : "https://github.com/apple/swift-numerics",
      "state" : {
        "revision" : "0a5bc04095a675662cf24757cc0640aa2204253b",
        "version" : "1.0.2"
      }
    },
    {
      "identity" : "swift-system",
      "kind" : "remoteSourceControl",
      "location" : "https://github.com/PureSwift/swift-system",
      "state" : {
        "branch" : "feature/dynamic-lib",
        "revision" : "3e5be49e7cee5ba46f5b5bc994f08061dd9fe92a"
      }
    },
    {
      "identity" : "swiftygpio",
      "kind" : "remoteSourceControl",
      "location" : "https://github.com/uraimo/SwiftyGPIO.git",
      "state" : {
        "branch" : "master",
        "revision" : "1754dc31e4d648c6999b3e664d8669d1a87c22eb"
      }
    },
    {
      "identity" : "tlvcoding",
      "kind" : "remoteSourceControl",
      "location" : "https://github.com/PureSwift/TLVCoding.git",
      "state" : {
        "branch" : "master",
        "revision" : "fa31426c76d1630fe8942e6ebf2eadc20f280995"
      }
    }
  ],
  "version" : 2
}
