{
  "object": {
    "pins": [
      {
        "package": "Bluetooth",
        "repositoryURL": "https://github.com/PureSwift/Bluetooth.git",
        "state": {
          "branch": "master",
          "revision": "f05bf29a6dce0d95238e378bdb8f93a2bfc2889e",
          "version": null
        }
      },
      {
        "package": "BluetoothDarwin",
        "repositoryURL": "https://github.com/PureSwift/BluetoothDarwin.git",
        "state": {
          "branch": "master",
          "revision": "d6c1eb2c2433efdf621aa8fc2d11d271261ca752",
          "version": null
        }
      },
      {
        "package": "BluetoothLinux",
        "repositoryURL": "https://github.com/PureSwift/BluetoothLinux.git",
        "state": {
          "branch": "master",
          "revision": "f716d7fefa7f9823b93136156ab4b2c36b920c05",
          "version": null
        }
      },
      {
        "package": "CryptoSwift",
        "repositoryURL": "https://github.com/krzyzanowskim/CryptoSwift",
        "state": {
          "branch": "master",
          "revision": "8559320dc5f5e4a7447e2ee146324986deb0ebc9",
          "version": null
        }
      },
      {
        "package": "GATT",
        "repositoryURL": "https://github.com/PureSwift/GATT.git",
        "state": {
          "branch": "master",
          "revision": "e6ac711ce0ebafd30d8d8ba11b9015a9f1d0a5fb",
          "version": null
        }
      },
      {
        "package": "TLVCoding",
        "repositoryURL": "https://github.com/PureSwift/TLVCoding.git",
        "state": {
          "branch": "master",
          "revision": "55c6c900c1183f8fcba2623140efd8a034753cda",
          "version": null
        }
      }
    ]
  },
  "version": 1
}
