{
  "object": {
    "pins": [
      {
        "package": "Bluetooth",
        "repositoryURL": "https://github.com/PureSwift/Bluetooth.git",
        "state": {
          "branch": "master",
          "revision": "b03524c7a0c7eca048133a9df9dc4bbe727b38e0",
          "version": null
        }
      },
      {
        "package": "BluetoothDarwin",
        "repositoryURL": "https://github.com/PureSwift/BluetoothDarwin.git",
        "state": {
          "branch": "master",
          "revision": "d6c1eb2c2433efdf621aa8fc2d11d271261ca752",
          "version": null
        }
      },
      {
        "package": "BluetoothLinux",
        "repositoryURL": "https://github.com/PureSwift/BluetoothLinux.git",
        "state": {
          "branch": "master",
          "revision": "52078ccc6928c8f3e7712bbda052f4a927a2e5ad",
          "version": null
        }
      },
      {
        "package": "CryptoSwift",
        "repositoryURL": "https://github.com/krzyzanowskim/CryptoSwift",
        "state": {
          "branch": "master",
          "revision": "74f7981efbd3c5ae3b672a7b63d33d6a1badf527",
          "version": null
        }
      },
      {
        "package": "GATT",
        "repositoryURL": "https://github.com/PureSwift/GATT.git",
        "state": {
          "branch": "master",
          "revision": "955a19b2030e08666154f2ee52d7955f56bb6ff5",
          "version": null
        }
      },
      {
        "package": "SwiftyGPIO",
        "repositoryURL": "https://github.com/uraimo/SwiftyGPIO.git",
        "state": {
          "branch": "master",
          "revision": "b0b23d27632eb9e837c3313cd2df657a9084bc9a",
          "version": null
        }
      },
      {
        "package": "TLVCoding",
        "repositoryURL": "https://github.com/PureSwift/TLVCoding.git",
        "state": {
          "branch": "master",
          "revision": "8c41d0fd48f6fc00c429aad025c114a941aad764",
          "version": null
        }
      }
    ]
  },
  "version": 1
}
