{
  "object": {
    "pins": [
      {
        "package": "Bluetooth",
        "repositoryURL": "https://github.com/PureSwift/Bluetooth.git",
        "state": {
          "branch": "master",
          "revision": "cd5d3fa8a243d405c024a907481a6179c46a9cd6",
          "version": null
        }
      },
      {
        "package": "CloudKitCodable",
        "repositoryURL": "https://github.com/colemancda/CloudKitCodable.git",
        "state": {
          "branch": "master",
          "revision": "6dda58305aa0a567161e20fc7c0f4e85c2d60074",
          "version": null
        }
      },
      {
        "package": "CryptoSwift",
        "repositoryURL": "https://github.com/krzyzanowskim/CryptoSwift",
        "state": {
          "branch": "master",
          "revision": "5d114736f5a98caa8a0ca1c254526f1ce5688f91",
          "version": null
        }
      },
      {
        "package": "GATT",
        "repositoryURL": "https://github.com/PureSwift/GATT.git",
        "state": {
          "branch": "master",
          "revision": "ec10636de5b3cbe83b6687da469074ec766343d5",
          "version": null
        }
      },
      {
        "package": "GottaGoFast",
        "repositoryURL": "https://github.com/broadwaylamb/GottaGoFast.git",
        "state": {
          "branch": null,
          "revision": "85e1f5104fb1ede87d6f31acc0445555007c474c",
          "version": "0.1.0"
        }
      },
      {
        "package": "JGProgressHUD",
        "repositoryURL": "https://github.com/MillerTechnologyPeru/JGProgressHUD.git",
        "state": {
          "branch": "master",
          "revision": "a027e0d347c431247c11370b408db567de06e88e",
          "version": null
        }
      },
      {
        "package": "KeychainAccess",
        "repositoryURL": "https://github.com/MillerTechnologyPeru/KeychainAccess.git",
        "state": {
          "branch": "master",
          "revision": "ee878eaeb3efa09753a9e29e8deb8c331b96f3c8",
          "version": null
        }
      },
      {
        "package": "OpenCombine",
        "repositoryURL": "https://github.com/MillerTechnologyPeru/OpenCombine.git",
        "state": {
          "branch": "master",
          "revision": "9b9915bde7bcb5c812a577fdd39c1c982668339e",
          "version": null
        }
      },
      {
        "package": "QRCodeReader",
        "repositoryURL": "https://github.com/MillerTechnologyPeru/QRCodeReader.swift.git",
        "state": {
          "branch": "master",
          "revision": "9db77f45f6f58ad8643f295b7573f0061f03b888",
          "version": null
        }
      },
      {
        "package": "R.swift.Library",
        "repositoryURL": "https://github.com/mac-cain13/R.swift.Library",
        "state": {
          "branch": "master",
          "revision": "3365947d725398694d6ed49f2e6622f05ca3fc0f",
          "version": null
        }
      },
      {
        "package": "TLVCoding",
        "repositoryURL": "https://github.com/PureSwift/TLVCoding.git",
        "state": {
          "branch": "master",
          "revision": "ae79b25d192778b00b10cdc6e28f7d734e084fad",
          "version": null
        }
      },
      {
        "package": "Yams",
        "repositoryURL": "https://github.com/jpsim/Yams.git",
        "state": {
          "branch": null,
          "revision": "c947a306d2e80ecb2c0859047b35c73b8e1ca27f",
          "version": "2.0.0"
        }
      }
    ]
  },
  "version": 1
}
