{
  "object": {
    "pins": [
      {
        "package": "Bluetooth",
        "repositoryURL": "https://github.com/PureSwift/Bluetooth.git",
        "state": {
          "branch": "master",
          "revision": "cd5d3fa8a243d405c024a907481a6179c46a9cd6",
          "version": null
        }
      },
      {
        "package": "CryptoSwift",
        "repositoryURL": "https://github.com/krzyzanowskim/CryptoSwift",
        "state": {
          "branch": "master",
          "revision": "0d1095dcded97315d25e3e69f4700cfb8bf2608b",
          "version": null
        }
      },
      {
        "package": "GATT",
        "repositoryURL": "https://github.com/PureSwift/GATT.git",
        "state": {
          "branch": "master",
          "revision": "ec10636de5b3cbe83b6687da469074ec766343d5",
          "version": null
        }
      },
      {
        "package": "JGProgressHUD",
        "repositoryURL": "https://github.com/MillerTechnologyPeru/JGProgressHUD.git",
        "state": {
          "branch": "master",
          "revision": "4fed859fe0f3eabb58881af3d12a5ad5933c8491",
          "version": null
        }
      },
      {
        "package": "KeychainAccess",
        "repositoryURL": "https://github.com/MillerTechnologyPeru/KeychainAccess.git",
        "state": {
          "branch": "master",
          "revision": "ee878eaeb3efa09753a9e29e8deb8c331b96f3c8",
          "version": null
        }
      },
      {
        "package": "R.swift.Library",
        "repositoryURL": "https://github.com/mac-cain13/R.swift.Library",
        "state": {
          "branch": "master",
          "revision": "56562c38e46e2431e06dea757d1d416754974c54",
          "version": null
        }
      },
      {
        "package": "TLVCoding",
        "repositoryURL": "https://github.com/PureSwift/TLVCoding.git",
        "state": {
          "branch": "master",
          "revision": "129ad84d45d7a25e29a902dd58567ff2fed4fc14",
          "version": null
        }
      }
    ]
  },
  "version": 1
}
