// !$*UTF8*$!
{
	archiveVersion = 1;
	classes = {
	};
	objectVersion = 52;
	objects = {

/* Begin PBXBuildFile section */
		6E0A32D522D8FCFB002EF9DE /* URL.swift in Sources */ = {isa = PBXBuildFile; fileRef = 6E0A32D422D8FCFB002EF9DE /* URL.swift */; };
		6E0A32D622D8FCFB002EF9DE /* URL.swift in Sources */ = {isa = PBXBuildFile; fileRef = 6E0A32D422D8FCFB002EF9DE /* URL.swift */; };
		6E0A32D722D8FCFB002EF9DE /* URL.swift in Sources */ = {isa = PBXBuildFile; fileRef = 6E0A32D422D8FCFB002EF9DE /* URL.swift */; };
		6E0A32D822D8FCFB002EF9DE /* URL.swift in Sources */ = {isa = PBXBuildFile; fileRef = 6E0A32D422D8FCFB002EF9DE /* URL.swift */; };
		6E0A32DA22D91E1D002EF9DE /* URLTests.swift in Sources */ = {isa = PBXBuildFile; fileRef = 6E0A32D922D91E1D002EF9DE /* URLTests.swift */; };
		6E9C95EA23114962007C18FE /* CryptoSwift in Frameworks */ = {isa = PBXBuildFile; productRef = 6E9C95E923114962007C18FE /* CryptoSwift */; };
		6E9C95ED231149A5007C18FE /* GATT in Frameworks */ = {isa = PBXBuildFile; productRef = 6E9C95EC231149A5007C18FE /* GATT */; };
		6E9C95EF231149A5007C18FE /* DarwinGATT in Frameworks */ = {isa = PBXBuildFile; productRef = 6E9C95EE231149A5007C18FE /* DarwinGATT */; };
		6E9C95F2231149F5007C18FE /* TLVCoding in Frameworks */ = {isa = PBXBuildFile; productRef = 6E9C95F1231149F5007C18FE /* TLVCoding */; };
		6ED81FE1231662E200B69520 /* CryptoSwift in Frameworks */ = {isa = PBXBuildFile; productRef = 6ED81FE0231662E200B69520 /* CryptoSwift */; };
		6ED81FE3231662E200B69520 /* DarwinGATT in Frameworks */ = {isa = PBXBuildFile; productRef = 6ED81FE2231662E200B69520 /* DarwinGATT */; };
		6ED81FE5231662E200B69520 /* GATT in Frameworks */ = {isa = PBXBuildFile; productRef = 6ED81FE4231662E200B69520 /* GATT */; };
		6ED81FE7231662E200B69520 /* TLVCoding in Frameworks */ = {isa = PBXBuildFile; productRef = 6ED81FE6231662E200B69520 /* TLVCoding */; };
		6ED81FE9231662F100B69520 /* CryptoSwift in Frameworks */ = {isa = PBXBuildFile; productRef = 6ED81FE8231662F100B69520 /* CryptoSwift */; };
		6ED81FEB231662F100B69520 /* DarwinGATT in Frameworks */ = {isa = PBXBuildFile; productRef = 6ED81FEA231662F100B69520 /* DarwinGATT */; };
		6ED81FED231662F100B69520 /* GATT in Frameworks */ = {isa = PBXBuildFile; productRef = 6ED81FEC231662F100B69520 /* GATT */; };
		6ED81FEF231662F100B69520 /* TLVCoding in Frameworks */ = {isa = PBXBuildFile; productRef = 6ED81FEE231662F100B69520 /* TLVCoding */; };
		6ED81FF1231662FB00B69520 /* CryptoSwift in Frameworks */ = {isa = PBXBuildFile; productRef = 6ED81FF0231662FB00B69520 /* CryptoSwift */; };
		6ED81FF3231662FB00B69520 /* DarwinGATT in Frameworks */ = {isa = PBXBuildFile; productRef = 6ED81FF2231662FB00B69520 /* DarwinGATT */; };
		6ED81FF5231662FB00B69520 /* GATT in Frameworks */ = {isa = PBXBuildFile; productRef = 6ED81FF4231662FB00B69520 /* GATT */; };
		6ED81FF7231662FB00B69520 /* TLVCoding in Frameworks */ = {isa = PBXBuildFile; productRef = 6ED81FF6231662FB00B69520 /* TLVCoding */; };
		6EF1C65522C9AC9F005E9818 /* SetupCharacteristic.swift in Sources */ = {isa = PBXBuildFile; fileRef = 6EF1C62E22C9AC9D005E9818 /* SetupCharacteristic.swift */; };
		6EF1C65622C9AC9F005E9818 /* SetupCharacteristic.swift in Sources */ = {isa = PBXBuildFile; fileRef = 6EF1C62E22C9AC9D005E9818 /* SetupCharacteristic.swift */; };
		6EF1C65722C9AC9F005E9818 /* SetupCharacteristic.swift in Sources */ = {isa = PBXBuildFile; fileRef = 6EF1C62E22C9AC9D005E9818 /* SetupCharacteristic.swift */; };
		6EF1C65822C9AC9F005E9818 /* SetupCharacteristic.swift in Sources */ = {isa = PBXBuildFile; fileRef = 6EF1C62E22C9AC9D005E9818 /* SetupCharacteristic.swift */; };
		6EF1C65922C9AC9F005E9818 /* LockConfiguration.swift in Sources */ = {isa = PBXBuildFile; fileRef = 6EF1C62F22C9AC9D005E9818 /* LockConfiguration.swift */; };
		6EF1C65A22C9AC9F005E9818 /* LockConfiguration.swift in Sources */ = {isa = PBXBuildFile; fileRef = 6EF1C62F22C9AC9D005E9818 /* LockConfiguration.swift */; };
		6EF1C65B22C9AC9F005E9818 /* LockConfiguration.swift in Sources */ = {isa = PBXBuildFile; fileRef = 6EF1C62F22C9AC9D005E9818 /* LockConfiguration.swift */; };
		6EF1C65C22C9AC9F005E9818 /* LockConfiguration.swift in Sources */ = {isa = PBXBuildFile; fileRef = 6EF1C62F22C9AC9D005E9818 /* LockConfiguration.swift */; };
		6EF1C65D22C9AC9F005E9818 /* EncryptedData.swift in Sources */ = {isa = PBXBuildFile; fileRef = 6EF1C63022C9AC9D005E9818 /* EncryptedData.swift */; };
		6EF1C65E22C9AC9F005E9818 /* EncryptedData.swift in Sources */ = {isa = PBXBuildFile; fileRef = 6EF1C63022C9AC9D005E9818 /* EncryptedData.swift */; };
		6EF1C65F22C9AC9F005E9818 /* EncryptedData.swift in Sources */ = {isa = PBXBuildFile; fileRef = 6EF1C63022C9AC9D005E9818 /* EncryptedData.swift */; };
		6EF1C66022C9AC9F005E9818 /* EncryptedData.swift in Sources */ = {isa = PBXBuildFile; fileRef = 6EF1C63022C9AC9D005E9818 /* EncryptedData.swift */; };
		6EF1C66122C9AC9F005E9818 /* SecureData.swift in Sources */ = {isa = PBXBuildFile; fileRef = 6EF1C63122C9AC9D005E9818 /* SecureData.swift */; };
		6EF1C66222C9AC9F005E9818 /* SecureData.swift in Sources */ = {isa = PBXBuildFile; fileRef = 6EF1C63122C9AC9D005E9818 /* SecureData.swift */; };
		6EF1C66322C9AC9F005E9818 /* SecureData.swift in Sources */ = {isa = PBXBuildFile; fileRef = 6EF1C63122C9AC9D005E9818 /* SecureData.swift */; };
		6EF1C66422C9AC9F005E9818 /* SecureData.swift in Sources */ = {isa = PBXBuildFile; fileRef = 6EF1C63122C9AC9D005E9818 /* SecureData.swift */; };
		6EF1C66522C9AC9F005E9818 /* AuthenticationError.swift in Sources */ = {isa = PBXBuildFile; fileRef = 6EF1C63222C9AC9D005E9818 /* AuthenticationError.swift */; };
		6EF1C66622C9AC9F005E9818 /* AuthenticationError.swift in Sources */ = {isa = PBXBuildFile; fileRef = 6EF1C63222C9AC9D005E9818 /* AuthenticationError.swift */; };
		6EF1C66722C9AC9F005E9818 /* AuthenticationError.swift in Sources */ = {isa = PBXBuildFile; fileRef = 6EF1C63222C9AC9D005E9818 /* AuthenticationError.swift */; };
		6EF1C66822C9AC9F005E9818 /* AuthenticationError.swift in Sources */ = {isa = PBXBuildFile; fileRef = 6EF1C63222C9AC9D005E9818 /* AuthenticationError.swift */; };
		6EF1C66922C9AC9F005E9818 /* ListKeysCharacteristic.swift in Sources */ = {isa = PBXBuildFile; fileRef = 6EF1C63322C9AC9D005E9818 /* ListKeysCharacteristic.swift */; };
		6EF1C66A22C9AC9F005E9818 /* ListKeysCharacteristic.swift in Sources */ = {isa = PBXBuildFile; fileRef = 6EF1C63322C9AC9D005E9818 /* ListKeysCharacteristic.swift */; };
		6EF1C66B22C9AC9F005E9818 /* ListKeysCharacteristic.swift in Sources */ = {isa = PBXBuildFile; fileRef = 6EF1C63322C9AC9D005E9818 /* ListKeysCharacteristic.swift */; };
		6EF1C66C22C9AC9F005E9818 /* ListKeysCharacteristic.swift in Sources */ = {isa = PBXBuildFile; fileRef = 6EF1C63322C9AC9D005E9818 /* ListKeysCharacteristic.swift */; };
		6EF1C66D22C9AC9F005E9818 /* NewKey.swift in Sources */ = {isa = PBXBuildFile; fileRef = 6EF1C63422C9AC9D005E9818 /* NewKey.swift */; };
		6EF1C66E22C9AC9F005E9818 /* NewKey.swift in Sources */ = {isa = PBXBuildFile; fileRef = 6EF1C63422C9AC9D005E9818 /* NewKey.swift */; };
		6EF1C66F22C9AC9F005E9818 /* NewKey.swift in Sources */ = {isa = PBXBuildFile; fileRef = 6EF1C63422C9AC9D005E9818 /* NewKey.swift */; };
		6EF1C67022C9AC9F005E9818 /* NewKey.swift in Sources */ = {isa = PBXBuildFile; fileRef = 6EF1C63422C9AC9D005E9818 /* NewKey.swift */; };
		6EF1C67122C9AC9F005E9818 /* Advertisement.swift in Sources */ = {isa = PBXBuildFile; fileRef = 6EF1C63522C9AC9D005E9818 /* Advertisement.swift */; };
		6EF1C67222C9AC9F005E9818 /* Advertisement.swift in Sources */ = {isa = PBXBuildFile; fileRef = 6EF1C63522C9AC9D005E9818 /* Advertisement.swift */; };
		6EF1C67322C9AC9F005E9818 /* Advertisement.swift in Sources */ = {isa = PBXBuildFile; fileRef = 6EF1C63522C9AC9D005E9818 /* Advertisement.swift */; };
		6EF1C67422C9AC9F005E9818 /* Advertisement.swift in Sources */ = {isa = PBXBuildFile; fileRef = 6EF1C63522C9AC9D005E9818 /* Advertisement.swift */; };
		6EF1C67522C9AC9F005E9818 /* BuildVersion.swift in Sources */ = {isa = PBXBuildFile; fileRef = 6EF1C63622C9AC9D005E9818 /* BuildVersion.swift */; };
		6EF1C67622C9AC9F005E9818 /* BuildVersion.swift in Sources */ = {isa = PBXBuildFile; fileRef = 6EF1C63622C9AC9D005E9818 /* BuildVersion.swift */; };
		6EF1C67722C9AC9F005E9818 /* BuildVersion.swift in Sources */ = {isa = PBXBuildFile; fileRef = 6EF1C63622C9AC9D005E9818 /* BuildVersion.swift */; };
		6EF1C67822C9AC9F005E9818 /* BuildVersion.swift in Sources */ = {isa = PBXBuildFile; fileRef = 6EF1C63622C9AC9D005E9818 /* BuildVersion.swift */; };
		6EF1C67922C9AC9F005E9818 /* KeysCharacteristic.swift in Sources */ = {isa = PBXBuildFile; fileRef = 6EF1C63722C9AC9D005E9818 /* KeysCharacteristic.swift */; };
		6EF1C67A22C9AC9F005E9818 /* KeysCharacteristic.swift in Sources */ = {isa = PBXBuildFile; fileRef = 6EF1C63722C9AC9D005E9818 /* KeysCharacteristic.swift */; };
		6EF1C67B22C9AC9F005E9818 /* KeysCharacteristic.swift in Sources */ = {isa = PBXBuildFile; fileRef = 6EF1C63722C9AC9D005E9818 /* KeysCharacteristic.swift */; };
		6EF1C67C22C9AC9F005E9818 /* KeysCharacteristic.swift in Sources */ = {isa = PBXBuildFile; fileRef = 6EF1C63722C9AC9D005E9818 /* KeysCharacteristic.swift */; };
		6EF1C67D22C9AC9F005E9818 /* Chunk.swift in Sources */ = {isa = PBXBuildFile; fileRef = 6EF1C63822C9AC9D005E9818 /* Chunk.swift */; };
		6EF1C67E22C9AC9F005E9818 /* Chunk.swift in Sources */ = {isa = PBXBuildFile; fileRef = 6EF1C63822C9AC9D005E9818 /* Chunk.swift */; };
		6EF1C67F22C9AC9F005E9818 /* Chunk.swift in Sources */ = {isa = PBXBuildFile; fileRef = 6EF1C63822C9AC9D005E9818 /* Chunk.swift */; };
		6EF1C68022C9AC9F005E9818 /* Chunk.swift in Sources */ = {isa = PBXBuildFile; fileRef = 6EF1C63822C9AC9D005E9818 /* Chunk.swift */; };
		6EF1C68122C9AC9F005E9818 /* Central.swift in Sources */ = {isa = PBXBuildFile; fileRef = 6EF1C63922C9AC9D005E9818 /* Central.swift */; };
		6EF1C68222C9AC9F005E9818 /* Central.swift in Sources */ = {isa = PBXBuildFile; fileRef = 6EF1C63922C9AC9D005E9818 /* Central.swift */; };
		6EF1C68322C9AC9F005E9818 /* Central.swift in Sources */ = {isa = PBXBuildFile; fileRef = 6EF1C63922C9AC9D005E9818 /* Central.swift */; };
		6EF1C68422C9AC9F005E9818 /* Central.swift in Sources */ = {isa = PBXBuildFile; fileRef = 6EF1C63922C9AC9D005E9818 /* Central.swift */; };
		6EF1C68522C9AC9F005E9818 /* GitCommits.swift in Sources */ = {isa = PBXBuildFile; fileRef = 6EF1C63A22C9AC9E005E9818 /* GitCommits.swift */; };
		6EF1C68622C9AC9F005E9818 /* GitCommits.swift in Sources */ = {isa = PBXBuildFile; fileRef = 6EF1C63A22C9AC9E005E9818 /* GitCommits.swift */; };
		6EF1C68722C9AC9F005E9818 /* GitCommits.swift in Sources */ = {isa = PBXBuildFile; fileRef = 6EF1C63A22C9AC9E005E9818 /* GitCommits.swift */; };
		6EF1C68822C9AC9F005E9818 /* GitCommits.swift in Sources */ = {isa = PBXBuildFile; fileRef = 6EF1C63A22C9AC9E005E9818 /* GitCommits.swift */; };
		6EF1C68922C9AC9F005E9818 /* POSIXTime.swift in Sources */ = {isa = PBXBuildFile; fileRef = 6EF1C63B22C9AC9E005E9818 /* POSIXTime.swift */; };
		6EF1C68A22C9AC9F005E9818 /* POSIXTime.swift in Sources */ = {isa = PBXBuildFile; fileRef = 6EF1C63B22C9AC9E005E9818 /* POSIXTime.swift */; };
		6EF1C68B22C9AC9F005E9818 /* POSIXTime.swift in Sources */ = {isa = PBXBuildFile; fileRef = 6EF1C63B22C9AC9E005E9818 /* POSIXTime.swift */; };
		6EF1C68C22C9AC9F005E9818 /* POSIXTime.swift in Sources */ = {isa = PBXBuildFile; fileRef = 6EF1C63B22C9AC9E005E9818 /* POSIXTime.swift */; };
		6EF1C68D22C9AC9F005E9818 /* CreateNewKeyCharacteristic.swift in Sources */ = {isa = PBXBuildFile; fileRef = 6EF1C63C22C9AC9E005E9818 /* CreateNewKeyCharacteristic.swift */; };
		6EF1C68E22C9AC9F005E9818 /* CreateNewKeyCharacteristic.swift in Sources */ = {isa = PBXBuildFile; fileRef = 6EF1C63C22C9AC9E005E9818 /* CreateNewKeyCharacteristic.swift */; };
		6EF1C68F22C9AC9F005E9818 /* CreateNewKeyCharacteristic.swift in Sources */ = {isa = PBXBuildFile; fileRef = 6EF1C63C22C9AC9E005E9818 /* CreateNewKeyCharacteristic.swift */; };
		6EF1C69022C9AC9F005E9818 /* CreateNewKeyCharacteristic.swift in Sources */ = {isa = PBXBuildFile; fileRef = 6EF1C63C22C9AC9E005E9818 /* CreateNewKeyCharacteristic.swift */; };
		6EF1C69122C9AC9F005E9818 /* ConfirmNewKeyCharacteristic.swift in Sources */ = {isa = PBXBuildFile; fileRef = 6EF1C63D22C9AC9E005E9818 /* ConfirmNewKeyCharacteristic.swift */; };
		6EF1C69222C9AC9F005E9818 /* ConfirmNewKeyCharacteristic.swift in Sources */ = {isa = PBXBuildFile; fileRef = 6EF1C63D22C9AC9E005E9818 /* ConfirmNewKeyCharacteristic.swift */; };
		6EF1C69322C9AC9F005E9818 /* ConfirmNewKeyCharacteristic.swift in Sources */ = {isa = PBXBuildFile; fileRef = 6EF1C63D22C9AC9E005E9818 /* ConfirmNewKeyCharacteristic.swift */; };
		6EF1C69422C9AC9F005E9818 /* ConfirmNewKeyCharacteristic.swift in Sources */ = {isa = PBXBuildFile; fileRef = 6EF1C63D22C9AC9E005E9818 /* ConfirmNewKeyCharacteristic.swift */; };
		6EF1C69522C9AC9F005E9818 /* Key.swift in Sources */ = {isa = PBXBuildFile; fileRef = 6EF1C63E22C9AC9E005E9818 /* Key.swift */; };
		6EF1C69622C9AC9F005E9818 /* Key.swift in Sources */ = {isa = PBXBuildFile; fileRef = 6EF1C63E22C9AC9E005E9818 /* Key.swift */; };
		6EF1C69722C9AC9F005E9818 /* Key.swift in Sources */ = {isa = PBXBuildFile; fileRef = 6EF1C63E22C9AC9E005E9818 /* Key.swift */; };
		6EF1C69822C9AC9F005E9818 /* Key.swift in Sources */ = {isa = PBXBuildFile; fileRef = 6EF1C63E22C9AC9E005E9818 /* Key.swift */; };
		6EF1C69922C9AC9F005E9818 /* RemoveKeyCharacteristic.swift in Sources */ = {isa = PBXBuildFile; fileRef = 6EF1C63F22C9AC9E005E9818 /* RemoveKeyCharacteristic.swift */; };
		6EF1C69A22C9AC9F005E9818 /* RemoveKeyCharacteristic.swift in Sources */ = {isa = PBXBuildFile; fileRef = 6EF1C63F22C9AC9E005E9818 /* RemoveKeyCharacteristic.swift */; };
		6EF1C69B22C9AC9F005E9818 /* RemoveKeyCharacteristic.swift in Sources */ = {isa = PBXBuildFile; fileRef = 6EF1C63F22C9AC9E005E9818 /* RemoveKeyCharacteristic.swift */; };
		6EF1C69C22C9AC9F005E9818 /* RemoveKeyCharacteristic.swift in Sources */ = {isa = PBXBuildFile; fileRef = 6EF1C63F22C9AC9E005E9818 /* RemoveKeyCharacteristic.swift */; };
		6EF1C69D22C9AC9F005E9818 /* Crypto.swift in Sources */ = {isa = PBXBuildFile; fileRef = 6EF1C64022C9AC9E005E9818 /* Crypto.swift */; };
		6EF1C69E22C9AC9F005E9818 /* Crypto.swift in Sources */ = {isa = PBXBuildFile; fileRef = 6EF1C64022C9AC9E005E9818 /* Crypto.swift */; };
		6EF1C69F22C9AC9F005E9818 /* Crypto.swift in Sources */ = {isa = PBXBuildFile; fileRef = 6EF1C64022C9AC9E005E9818 /* Crypto.swift */; };
		6EF1C6A022C9AC9F005E9818 /* Crypto.swift in Sources */ = {isa = PBXBuildFile; fileRef = 6EF1C64022C9AC9E005E9818 /* Crypto.swift */; };
		6EF1C6A122C9AC9F005E9818 /* UIDevice.swift in Sources */ = {isa = PBXBuildFile; fileRef = 6EF1C64122C9AC9E005E9818 /* UIDevice.swift */; };
		6EF1C6A222C9AC9F005E9818 /* UIDevice.swift in Sources */ = {isa = PBXBuildFile; fileRef = 6EF1C64122C9AC9E005E9818 /* UIDevice.swift */; };
		6EF1C6A322C9AC9F005E9818 /* UIDevice.swift in Sources */ = {isa = PBXBuildFile; fileRef = 6EF1C64122C9AC9E005E9818 /* UIDevice.swift */; };
		6EF1C6A422C9AC9F005E9818 /* UIDevice.swift in Sources */ = {isa = PBXBuildFile; fileRef = 6EF1C64122C9AC9E005E9818 /* UIDevice.swift */; };
		6EF1C6A522C9AC9F005E9818 /* LockModel.swift in Sources */ = {isa = PBXBuildFile; fileRef = 6EF1C64222C9AC9E005E9818 /* LockModel.swift */; };
		6EF1C6A622C9AC9F005E9818 /* LockModel.swift in Sources */ = {isa = PBXBuildFile; fileRef = 6EF1C64222C9AC9E005E9818 /* LockModel.swift */; };
		6EF1C6A722C9AC9F005E9818 /* LockModel.swift in Sources */ = {isa = PBXBuildFile; fileRef = 6EF1C64222C9AC9E005E9818 /* LockModel.swift */; };
		6EF1C6A822C9AC9F005E9818 /* LockModel.swift in Sources */ = {isa = PBXBuildFile; fileRef = 6EF1C64222C9AC9E005E9818 /* LockModel.swift */; };
		6EF1C6A922C9AC9F005E9818 /* GATTProfile.swift in Sources */ = {isa = PBXBuildFile; fileRef = 6EF1C64322C9AC9E005E9818 /* GATTProfile.swift */; };
		6EF1C6AA22C9AC9F005E9818 /* GATTProfile.swift in Sources */ = {isa = PBXBuildFile; fileRef = 6EF1C64322C9AC9E005E9818 /* GATTProfile.swift */; };
		6EF1C6AB22C9AC9F005E9818 /* GATTProfile.swift in Sources */ = {isa = PBXBuildFile; fileRef = 6EF1C64322C9AC9E005E9818 /* GATTProfile.swift */; };
		6EF1C6AC22C9AC9F005E9818 /* GATTProfile.swift in Sources */ = {isa = PBXBuildFile; fileRef = 6EF1C64322C9AC9E005E9818 /* GATTProfile.swift */; };
		6EF1C6AD22C9AC9F005E9818 /* LockState.swift in Sources */ = {isa = PBXBuildFile; fileRef = 6EF1C64422C9AC9E005E9818 /* LockState.swift */; };
		6EF1C6AE22C9AC9F005E9818 /* LockState.swift in Sources */ = {isa = PBXBuildFile; fileRef = 6EF1C64422C9AC9E005E9818 /* LockState.swift */; };
		6EF1C6AF22C9AC9F005E9818 /* LockState.swift in Sources */ = {isa = PBXBuildFile; fileRef = 6EF1C64422C9AC9E005E9818 /* LockState.swift */; };
		6EF1C6B022C9AC9F005E9818 /* LockState.swift in Sources */ = {isa = PBXBuildFile; fileRef = 6EF1C64422C9AC9E005E9818 /* LockState.swift */; };
		6EF1C6B122C9AC9F005E9818 /* BitMaskOption.swift in Sources */ = {isa = PBXBuildFile; fileRef = 6EF1C64522C9AC9E005E9818 /* BitMaskOption.swift */; };
		6EF1C6B222C9AC9F005E9818 /* BitMaskOption.swift in Sources */ = {isa = PBXBuildFile; fileRef = 6EF1C64522C9AC9E005E9818 /* BitMaskOption.swift */; };
		6EF1C6B322C9AC9F005E9818 /* BitMaskOption.swift in Sources */ = {isa = PBXBuildFile; fileRef = 6EF1C64522C9AC9E005E9818 /* BitMaskOption.swift */; };
		6EF1C6B422C9AC9F005E9818 /* BitMaskOption.swift in Sources */ = {isa = PBXBuildFile; fileRef = 6EF1C64522C9AC9E005E9818 /* BitMaskOption.swift */; };
		6EF1C6B522C9AC9F005E9818 /* GATTError.swift in Sources */ = {isa = PBXBuildFile; fileRef = 6EF1C64622C9AC9E005E9818 /* GATTError.swift */; };
		6EF1C6B622C9AC9F005E9818 /* GATTError.swift in Sources */ = {isa = PBXBuildFile; fileRef = 6EF1C64622C9AC9E005E9818 /* GATTError.swift */; };
		6EF1C6B722C9AC9F005E9818 /* GATTError.swift in Sources */ = {isa = PBXBuildFile; fileRef = 6EF1C64622C9AC9E005E9818 /* GATTError.swift */; };
		6EF1C6B822C9AC9F005E9818 /* GATTError.swift in Sources */ = {isa = PBXBuildFile; fileRef = 6EF1C64622C9AC9E005E9818 /* GATTError.swift */; };
		6EF1C6B922C9AC9F005E9818 /* UnlockCharacteristic.swift in Sources */ = {isa = PBXBuildFile; fileRef = 6EF1C64722C9AC9E005E9818 /* UnlockCharacteristic.swift */; };
		6EF1C6BA22C9AC9F005E9818 /* UnlockCharacteristic.swift in Sources */ = {isa = PBXBuildFile; fileRef = 6EF1C64722C9AC9E005E9818 /* UnlockCharacteristic.swift */; };
		6EF1C6BB22C9AC9F005E9818 /* UnlockCharacteristic.swift in Sources */ = {isa = PBXBuildFile; fileRef = 6EF1C64722C9AC9E005E9818 /* UnlockCharacteristic.swift */; };
		6EF1C6BC22C9AC9F005E9818 /* UnlockCharacteristic.swift in Sources */ = {isa = PBXBuildFile; fileRef = 6EF1C64722C9AC9E005E9818 /* UnlockCharacteristic.swift */; };
		6EF1C6BD22C9AC9F005E9818 /* LockInformationCharacteristic.swift in Sources */ = {isa = PBXBuildFile; fileRef = 6EF1C64822C9AC9E005E9818 /* LockInformationCharacteristic.swift */; };
		6EF1C6BE22C9AC9F005E9818 /* LockInformationCharacteristic.swift in Sources */ = {isa = PBXBuildFile; fileRef = 6EF1C64822C9AC9E005E9818 /* LockInformationCharacteristic.swift */; };
		6EF1C6BF22C9AC9F005E9818 /* LockInformationCharacteristic.swift in Sources */ = {isa = PBXBuildFile; fileRef = 6EF1C64822C9AC9E005E9818 /* LockInformationCharacteristic.swift */; };
		6EF1C6C022C9AC9F005E9818 /* LockInformationCharacteristic.swift in Sources */ = {isa = PBXBuildFile; fileRef = 6EF1C64822C9AC9E005E9818 /* LockInformationCharacteristic.swift */; };
		6EF1C6C122C9AC9F005E9818 /* Version.swift in Sources */ = {isa = PBXBuildFile; fileRef = 6EF1C64922C9AC9E005E9818 /* Version.swift */; };
		6EF1C6C222C9AC9F005E9818 /* Version.swift in Sources */ = {isa = PBXBuildFile; fileRef = 6EF1C64922C9AC9E005E9818 /* Version.swift */; };
		6EF1C6C322C9AC9F005E9818 /* Version.swift in Sources */ = {isa = PBXBuildFile; fileRef = 6EF1C64922C9AC9E005E9818 /* Version.swift */; };
		6EF1C6C422C9AC9F005E9818 /* Version.swift in Sources */ = {isa = PBXBuildFile; fileRef = 6EF1C64922C9AC9E005E9818 /* Version.swift */; };
		6EF1C6C522C9AC9F005E9818 /* Status.swift in Sources */ = {isa = PBXBuildFile; fileRef = 6EF1C64A22C9AC9E005E9818 /* Status.swift */; };
		6EF1C6C622C9AC9F005E9818 /* Status.swift in Sources */ = {isa = PBXBuildFile; fileRef = 6EF1C64A22C9AC9E005E9818 /* Status.swift */; };
		6EF1C6C722C9AC9F005E9818 /* Status.swift in Sources */ = {isa = PBXBuildFile; fileRef = 6EF1C64A22C9AC9E005E9818 /* Status.swift */; };
		6EF1C6C822C9AC9F005E9818 /* Status.swift in Sources */ = {isa = PBXBuildFile; fileRef = 6EF1C64A22C9AC9E005E9818 /* Status.swift */; };
		6EF1C6C922C9AC9F005E9818 /* DeviceManager.swift in Sources */ = {isa = PBXBuildFile; fileRef = 6EF1C64B22C9AC9E005E9818 /* DeviceManager.swift */; };
		6EF1C6CA22C9AC9F005E9818 /* DeviceManager.swift in Sources */ = {isa = PBXBuildFile; fileRef = 6EF1C64B22C9AC9E005E9818 /* DeviceManager.swift */; };
		6EF1C6CB22C9AC9F005E9818 /* DeviceManager.swift in Sources */ = {isa = PBXBuildFile; fileRef = 6EF1C64B22C9AC9E005E9818 /* DeviceManager.swift */; };
		6EF1C6CC22C9AC9F005E9818 /* DeviceManager.swift in Sources */ = {isa = PBXBuildFile; fileRef = 6EF1C64B22C9AC9E005E9818 /* DeviceManager.swift */; };
		6EF1C6CD22C9AC9F005E9818 /* TLV.swift in Sources */ = {isa = PBXBuildFile; fileRef = 6EF1C64C22C9AC9F005E9818 /* TLV.swift */; };
		6EF1C6CE22C9AC9F005E9818 /* TLV.swift in Sources */ = {isa = PBXBuildFile; fileRef = 6EF1C64C22C9AC9F005E9818 /* TLV.swift */; };
		6EF1C6CF22C9AC9F005E9818 /* TLV.swift in Sources */ = {isa = PBXBuildFile; fileRef = 6EF1C64C22C9AC9F005E9818 /* TLV.swift */; };
		6EF1C6D022C9AC9F005E9818 /* TLV.swift in Sources */ = {isa = PBXBuildFile; fileRef = 6EF1C64C22C9AC9F005E9818 /* TLV.swift */; };
		6EF1C6D122C9AC9F005E9818 /* Authentication.swift in Sources */ = {isa = PBXBuildFile; fileRef = 6EF1C64D22C9AC9F005E9818 /* Authentication.swift */; };
		6EF1C6D222C9AC9F005E9818 /* Authentication.swift in Sources */ = {isa = PBXBuildFile; fileRef = 6EF1C64D22C9AC9F005E9818 /* Authentication.swift */; };
		6EF1C6D322C9AC9F005E9818 /* Authentication.swift in Sources */ = {isa = PBXBuildFile; fileRef = 6EF1C64D22C9AC9F005E9818 /* Authentication.swift */; };
		6EF1C6D422C9AC9F005E9818 /* Authentication.swift in Sources */ = {isa = PBXBuildFile; fileRef = 6EF1C64D22C9AC9F005E9818 /* Authentication.swift */; };
		6EF1C6D522C9AC9F005E9818 /* Permission.swift in Sources */ = {isa = PBXBuildFile; fileRef = 6EF1C64E22C9AC9F005E9818 /* Permission.swift */; };
		6EF1C6D622C9AC9F005E9818 /* Permission.swift in Sources */ = {isa = PBXBuildFile; fileRef = 6EF1C64E22C9AC9F005E9818 /* Permission.swift */; };
		6EF1C6D722C9AC9F005E9818 /* Permission.swift in Sources */ = {isa = PBXBuildFile; fileRef = 6EF1C64E22C9AC9F005E9818 /* Permission.swift */; };
		6EF1C6D822C9AC9F005E9818 /* Permission.swift in Sources */ = {isa = PBXBuildFile; fileRef = 6EF1C64E22C9AC9F005E9818 /* Permission.swift */; };
		6EF1C6D922C9AC9F005E9818 /* Integer.swift in Sources */ = {isa = PBXBuildFile; fileRef = 6EF1C64F22C9AC9F005E9818 /* Integer.swift */; };
		6EF1C6DA22C9AC9F005E9818 /* Integer.swift in Sources */ = {isa = PBXBuildFile; fileRef = 6EF1C64F22C9AC9F005E9818 /* Integer.swift */; };
		6EF1C6DB22C9AC9F005E9818 /* Integer.swift in Sources */ = {isa = PBXBuildFile; fileRef = 6EF1C64F22C9AC9F005E9818 /* Integer.swift */; };
		6EF1C6DC22C9AC9F005E9818 /* Integer.swift in Sources */ = {isa = PBXBuildFile; fileRef = 6EF1C64F22C9AC9F005E9818 /* Integer.swift */; };
		6EF1C6DD22C9AC9F005E9818 /* SmartLockProfile.swift in Sources */ = {isa = PBXBuildFile; fileRef = 6EF1C65022C9AC9F005E9818 /* SmartLockProfile.swift */; };
		6EF1C6DE22C9AC9F005E9818 /* SmartLockProfile.swift in Sources */ = {isa = PBXBuildFile; fileRef = 6EF1C65022C9AC9F005E9818 /* SmartLockProfile.swift */; };
		6EF1C6DF22C9AC9F005E9818 /* SmartLockProfile.swift in Sources */ = {isa = PBXBuildFile; fileRef = 6EF1C65022C9AC9F005E9818 /* SmartLockProfile.swift */; };
		6EF1C6E022C9AC9F005E9818 /* SmartLockProfile.swift in Sources */ = {isa = PBXBuildFile; fileRef = 6EF1C65022C9AC9F005E9818 /* SmartLockProfile.swift */; };
		6EF1C6E122C9AC9F005E9818 /* DateComponents.swift in Sources */ = {isa = PBXBuildFile; fileRef = 6EF1C65122C9AC9F005E9818 /* DateComponents.swift */; };
		6EF1C6E222C9AC9F005E9818 /* DateComponents.swift in Sources */ = {isa = PBXBuildFile; fileRef = 6EF1C65122C9AC9F005E9818 /* DateComponents.swift */; };
		6EF1C6E322C9AC9F005E9818 /* DateComponents.swift in Sources */ = {isa = PBXBuildFile; fileRef = 6EF1C65122C9AC9F005E9818 /* DateComponents.swift */; };
		6EF1C6E422C9AC9F005E9818 /* DateComponents.swift in Sources */ = {isa = PBXBuildFile; fileRef = 6EF1C65122C9AC9F005E9818 /* DateComponents.swift */; };
		6EF1C6E522C9AC9F005E9818 /* LockHardware.swift in Sources */ = {isa = PBXBuildFile; fileRef = 6EF1C65222C9AC9F005E9818 /* LockHardware.swift */; };
		6EF1C6E622C9AC9F005E9818 /* LockHardware.swift in Sources */ = {isa = PBXBuildFile; fileRef = 6EF1C65222C9AC9F005E9818 /* LockHardware.swift */; };
		6EF1C6E722C9AC9F005E9818 /* LockHardware.swift in Sources */ = {isa = PBXBuildFile; fileRef = 6EF1C65222C9AC9F005E9818 /* LockHardware.swift */; };
		6EF1C6E822C9AC9F005E9818 /* LockHardware.swift in Sources */ = {isa = PBXBuildFile; fileRef = 6EF1C65222C9AC9F005E9818 /* LockHardware.swift */; };
		6EF1C6E922C9AC9F005E9818 /* UnlockAction.swift in Sources */ = {isa = PBXBuildFile; fileRef = 6EF1C65322C9AC9F005E9818 /* UnlockAction.swift */; };
		6EF1C6EA22C9AC9F005E9818 /* UnlockAction.swift in Sources */ = {isa = PBXBuildFile; fileRef = 6EF1C65322C9AC9F005E9818 /* UnlockAction.swift */; };
		6EF1C6EB22C9AC9F005E9818 /* UnlockAction.swift in Sources */ = {isa = PBXBuildFile; fileRef = 6EF1C65322C9AC9F005E9818 /* UnlockAction.swift */; };
		6EF1C6EC22C9AC9F005E9818 /* UnlockAction.swift in Sources */ = {isa = PBXBuildFile; fileRef = 6EF1C65322C9AC9F005E9818 /* UnlockAction.swift */; };
		6EF1C6ED22C9AC9F005E9818 /* Bool.swift in Sources */ = {isa = PBXBuildFile; fileRef = 6EF1C65422C9AC9F005E9818 /* Bool.swift */; };
		6EF1C6EE22C9AC9F005E9818 /* Bool.swift in Sources */ = {isa = PBXBuildFile; fileRef = 6EF1C65422C9AC9F005E9818 /* Bool.swift */; };
		6EF1C6EF22C9AC9F005E9818 /* Bool.swift in Sources */ = {isa = PBXBuildFile; fileRef = 6EF1C65422C9AC9F005E9818 /* Bool.swift */; };
		6EF1C6F022C9AC9F005E9818 /* Bool.swift in Sources */ = {isa = PBXBuildFile; fileRef = 6EF1C65422C9AC9F005E9818 /* Bool.swift */; };
		DD7502881C68FEDE006590AF /* CoreLock.framework in Frameworks */ = {isa = PBXBuildFile; fileRef = 52D6DA0F1BF000BD002C0205 /* CoreLock.framework */; };
/* End PBXBuildFile section */

/* Begin PBXContainerItemProxy section */
		DD7502801C68FCFC006590AF /* PBXContainerItemProxy */ = {
			isa = PBXContainerItemProxy;
			containerPortal = 52D6D9731BEFF229002C0205 /* Project object */;
			proxyType = 1;
			remoteGlobalIDString = 52D6DA0E1BF000BD002C0205;
			remoteInfo = "SmartLock-macOS";
		};
/* End PBXContainerItemProxy section */

/* Begin PBXFileReference section */
		52D6D97C1BEFF229002C0205 /* CoreLock.framework */ = {isa = PBXFileReference; explicitFileType = wrapper.framework; includeInIndex = 0; path = CoreLock.framework; sourceTree = BUILT_PRODUCTS_DIR; };
		52D6D9E21BEFFF6E002C0205 /* CoreLock.framework */ = {isa = PBXFileReference; explicitFileType = wrapper.framework; includeInIndex = 0; path = CoreLock.framework; sourceTree = BUILT_PRODUCTS_DIR; };
		52D6D9F01BEFFFBE002C0205 /* CoreLock.framework */ = {isa = PBXFileReference; explicitFileType = wrapper.framework; includeInIndex = 0; path = CoreLock.framework; sourceTree = BUILT_PRODUCTS_DIR; };
		52D6DA0F1BF000BD002C0205 /* CoreLock.framework */ = {isa = PBXFileReference; explicitFileType = wrapper.framework; includeInIndex = 0; path = CoreLock.framework; sourceTree = BUILT_PRODUCTS_DIR; };
		6E0A32D422D8FCFB002EF9DE /* URL.swift */ = {isa = PBXFileReference; lastKnownFileType = sourcecode.swift; path = URL.swift; sourceTree = "<group>"; };
		6E0A32D922D91E1D002EF9DE /* URLTests.swift */ = {isa = PBXFileReference; lastKnownFileType = sourcecode.swift; path = URLTests.swift; sourceTree = "<group>"; };
		6E60FF532121041400787DAA /* CryptoTests.swift */ = {isa = PBXFileReference; lastKnownFileType = sourcecode.swift; path = CryptoTests.swift; sourceTree = "<group>"; };
		6E60FF542121041400787DAA /* GATTProfileTests.swift */ = {isa = PBXFileReference; lastKnownFileType = sourcecode.swift; path = GATTProfileTests.swift; sourceTree = "<group>"; };
		6E60FF552121041400787DAA /* LinuxMain.swift */ = {isa = PBXFileReference; lastKnownFileType = sourcecode.swift; path = LinuxMain.swift; sourceTree = "<group>"; };
		6E60FF572121041400787DAA /* ServerTests.swift */ = {isa = PBXFileReference; lastKnownFileType = sourcecode.swift; path = ServerTests.swift; sourceTree = "<group>"; };
		6EF1C62E22C9AC9D005E9818 /* SetupCharacteristic.swift */ = {isa = PBXFileReference; fileEncoding = 4; lastKnownFileType = sourcecode.swift; path = SetupCharacteristic.swift; sourceTree = "<group>"; };
		6EF1C62F22C9AC9D005E9818 /* LockConfiguration.swift */ = {isa = PBXFileReference; fileEncoding = 4; lastKnownFileType = sourcecode.swift; path = LockConfiguration.swift; sourceTree = "<group>"; };
		6EF1C63022C9AC9D005E9818 /* EncryptedData.swift */ = {isa = PBXFileReference; fileEncoding = 4; lastKnownFileType = sourcecode.swift; path = EncryptedData.swift; sourceTree = "<group>"; };
		6EF1C63122C9AC9D005E9818 /* SecureData.swift */ = {isa = PBXFileReference; fileEncoding = 4; lastKnownFileType = sourcecode.swift; path = SecureData.swift; sourceTree = "<group>"; };
		6EF1C63222C9AC9D005E9818 /* AuthenticationError.swift */ = {isa = PBXFileReference; fileEncoding = 4; lastKnownFileType = sourcecode.swift; path = AuthenticationError.swift; sourceTree = "<group>"; };
		6EF1C63322C9AC9D005E9818 /* ListKeysCharacteristic.swift */ = {isa = PBXFileReference; fileEncoding = 4; lastKnownFileType = sourcecode.swift; path = ListKeysCharacteristic.swift; sourceTree = "<group>"; };
		6EF1C63422C9AC9D005E9818 /* NewKey.swift */ = {isa = PBXFileReference; fileEncoding = 4; lastKnownFileType = sourcecode.swift; path = NewKey.swift; sourceTree = "<group>"; };
		6EF1C63522C9AC9D005E9818 /* Advertisement.swift */ = {isa = PBXFileReference; fileEncoding = 4; lastKnownFileType = sourcecode.swift; path = Advertisement.swift; sourceTree = "<group>"; };
		6EF1C63622C9AC9D005E9818 /* BuildVersion.swift */ = {isa = PBXFileReference; fileEncoding = 4; lastKnownFileType = sourcecode.swift; path = BuildVersion.swift; sourceTree = "<group>"; };
		6EF1C63722C9AC9D005E9818 /* KeysCharacteristic.swift */ = {isa = PBXFileReference; fileEncoding = 4; lastKnownFileType = sourcecode.swift; path = KeysCharacteristic.swift; sourceTree = "<group>"; };
		6EF1C63822C9AC9D005E9818 /* Chunk.swift */ = {isa = PBXFileReference; fileEncoding = 4; lastKnownFileType = sourcecode.swift; path = Chunk.swift; sourceTree = "<group>"; };
		6EF1C63922C9AC9D005E9818 /* Central.swift */ = {isa = PBXFileReference; fileEncoding = 4; lastKnownFileType = sourcecode.swift; path = Central.swift; sourceTree = "<group>"; };
		6EF1C63A22C9AC9E005E9818 /* GitCommits.swift */ = {isa = PBXFileReference; fileEncoding = 4; lastKnownFileType = sourcecode.swift; path = GitCommits.swift; sourceTree = "<group>"; };
		6EF1C63B22C9AC9E005E9818 /* POSIXTime.swift */ = {isa = PBXFileReference; fileEncoding = 4; lastKnownFileType = sourcecode.swift; path = POSIXTime.swift; sourceTree = "<group>"; };
		6EF1C63C22C9AC9E005E9818 /* CreateNewKeyCharacteristic.swift */ = {isa = PBXFileReference; fileEncoding = 4; lastKnownFileType = sourcecode.swift; path = CreateNewKeyCharacteristic.swift; sourceTree = "<group>"; };
		6EF1C63D22C9AC9E005E9818 /* ConfirmNewKeyCharacteristic.swift */ = {isa = PBXFileReference; fileEncoding = 4; lastKnownFileType = sourcecode.swift; path = ConfirmNewKeyCharacteristic.swift; sourceTree = "<group>"; };
		6EF1C63E22C9AC9E005E9818 /* Key.swift */ = {isa = PBXFileReference; fileEncoding = 4; lastKnownFileType = sourcecode.swift; path = Key.swift; sourceTree = "<group>"; };
		6EF1C63F22C9AC9E005E9818 /* RemoveKeyCharacteristic.swift */ = {isa = PBXFileReference; fileEncoding = 4; lastKnownFileType = sourcecode.swift; path = RemoveKeyCharacteristic.swift; sourceTree = "<group>"; };
		6EF1C64022C9AC9E005E9818 /* Crypto.swift */ = {isa = PBXFileReference; fileEncoding = 4; lastKnownFileType = sourcecode.swift; path = Crypto.swift; sourceTree = "<group>"; };
		6EF1C64122C9AC9E005E9818 /* UIDevice.swift */ = {isa = PBXFileReference; fileEncoding = 4; lastKnownFileType = sourcecode.swift; path = UIDevice.swift; sourceTree = "<group>"; };
		6EF1C64222C9AC9E005E9818 /* LockModel.swift */ = {isa = PBXFileReference; fileEncoding = 4; lastKnownFileType = sourcecode.swift; path = LockModel.swift; sourceTree = "<group>"; };
		6EF1C64322C9AC9E005E9818 /* GATTProfile.swift */ = {isa = PBXFileReference; fileEncoding = 4; lastKnownFileType = sourcecode.swift; path = GATTProfile.swift; sourceTree = "<group>"; };
		6EF1C64422C9AC9E005E9818 /* LockState.swift */ = {isa = PBXFileReference; fileEncoding = 4; lastKnownFileType = sourcecode.swift; path = LockState.swift; sourceTree = "<group>"; };
		6EF1C64522C9AC9E005E9818 /* BitMaskOption.swift */ = {isa = PBXFileReference; fileEncoding = 4; lastKnownFileType = sourcecode.swift; path = BitMaskOption.swift; sourceTree = "<group>"; };
		6EF1C64622C9AC9E005E9818 /* GATTError.swift */ = {isa = PBXFileReference; fileEncoding = 4; lastKnownFileType = sourcecode.swift; path = GATTError.swift; sourceTree = "<group>"; };
		6EF1C64722C9AC9E005E9818 /* UnlockCharacteristic.swift */ = {isa = PBXFileReference; fileEncoding = 4; lastKnownFileType = sourcecode.swift; path = UnlockCharacteristic.swift; sourceTree = "<group>"; };
		6EF1C64822C9AC9E005E9818 /* LockInformationCharacteristic.swift */ = {isa = PBXFileReference; fileEncoding = 4; lastKnownFileType = sourcecode.swift; path = LockInformationCharacteristic.swift; sourceTree = "<group>"; };
		6EF1C64922C9AC9E005E9818 /* Version.swift */ = {isa = PBXFileReference; fileEncoding = 4; lastKnownFileType = sourcecode.swift; path = Version.swift; sourceTree = "<group>"; };
		6EF1C64A22C9AC9E005E9818 /* Status.swift */ = {isa = PBXFileReference; fileEncoding = 4; lastKnownFileType = sourcecode.swift; path = Status.swift; sourceTree = "<group>"; };
		6EF1C64B22C9AC9E005E9818 /* DeviceManager.swift */ = {isa = PBXFileReference; fileEncoding = 4; lastKnownFileType = sourcecode.swift; path = DeviceManager.swift; sourceTree = "<group>"; };
		6EF1C64C22C9AC9F005E9818 /* TLV.swift */ = {isa = PBXFileReference; fileEncoding = 4; lastKnownFileType = sourcecode.swift; path = TLV.swift; sourceTree = "<group>"; };
		6EF1C64D22C9AC9F005E9818 /* Authentication.swift */ = {isa = PBXFileReference; fileEncoding = 4; lastKnownFileType = sourcecode.swift; path = Authentication.swift; sourceTree = "<group>"; };
		6EF1C64E22C9AC9F005E9818 /* Permission.swift */ = {isa = PBXFileReference; fileEncoding = 4; lastKnownFileType = sourcecode.swift; path = Permission.swift; sourceTree = "<group>"; };
		6EF1C64F22C9AC9F005E9818 /* Integer.swift */ = {isa = PBXFileReference; fileEncoding = 4; lastKnownFileType = sourcecode.swift; path = Integer.swift; sourceTree = "<group>"; };
		6EF1C65022C9AC9F005E9818 /* SmartLockProfile.swift */ = {isa = PBXFileReference; fileEncoding = 4; lastKnownFileType = sourcecode.swift; path = SmartLockProfile.swift; sourceTree = "<group>"; };
		6EF1C65122C9AC9F005E9818 /* DateComponents.swift */ = {isa = PBXFileReference; fileEncoding = 4; lastKnownFileType = sourcecode.swift; path = DateComponents.swift; sourceTree = "<group>"; };
		6EF1C65222C9AC9F005E9818 /* LockHardware.swift */ = {isa = PBXFileReference; fileEncoding = 4; lastKnownFileType = sourcecode.swift; path = LockHardware.swift; sourceTree = "<group>"; };
		6EF1C65322C9AC9F005E9818 /* UnlockAction.swift */ = {isa = PBXFileReference; fileEncoding = 4; lastKnownFileType = sourcecode.swift; path = UnlockAction.swift; sourceTree = "<group>"; };
		6EF1C65422C9AC9F005E9818 /* Bool.swift */ = {isa = PBXFileReference; fileEncoding = 4; lastKnownFileType = sourcecode.swift; path = Bool.swift; sourceTree = "<group>"; };
		AD2FAA261CD0B6D800659CF4 /* CoreLock.plist */ = {isa = PBXFileReference; fileEncoding = 4; lastKnownFileType = text.plist.xml; path = CoreLock.plist; sourceTree = "<group>"; };
		AD2FAA281CD0B6E100659CF4 /* CoreLockTests.plist */ = {isa = PBXFileReference; fileEncoding = 4; lastKnownFileType = text.plist.xml; path = CoreLockTests.plist; sourceTree = "<group>"; };
		DD75027A1C68FCFC006590AF /* CoreLockTests.xctest */ = {isa = PBXFileReference; explicitFileType = wrapper.cfbundle; includeInIndex = 0; path = CoreLockTests.xctest; sourceTree = BUILT_PRODUCTS_DIR; };
/* End PBXFileReference section */

/* Begin PBXFrameworksBuildPhase section */
		52D6D9781BEFF229002C0205 /* Frameworks */ = {
			isa = PBXFrameworksBuildPhase;
			buildActionMask = 2147483647;
			files = (
				6E9C95ED231149A5007C18FE /* GATT in Frameworks */,
				6E9C95EA23114962007C18FE /* CryptoSwift in Frameworks */,
				6E9C95EF231149A5007C18FE /* DarwinGATT in Frameworks */,
				6E9C95F2231149F5007C18FE /* TLVCoding in Frameworks */,
			);
			runOnlyForDeploymentPostprocessing = 0;
		};
		52D6D9DE1BEFFF6E002C0205 /* Frameworks */ = {
			isa = PBXFrameworksBuildPhase;
			buildActionMask = 2147483647;
			files = (
				6ED81FED231662F100B69520 /* GATT in Frameworks */,
				6ED81FE9231662F100B69520 /* CryptoSwift in Frameworks */,
				6ED81FEB231662F100B69520 /* DarwinGATT in Frameworks */,
				6ED81FEF231662F100B69520 /* TLVCoding in Frameworks */,
			);
			runOnlyForDeploymentPostprocessing = 0;
		};
		52D6D9EC1BEFFFBE002C0205 /* Frameworks */ = {
			isa = PBXFrameworksBuildPhase;
			buildActionMask = 2147483647;
			files = (
				6ED81FF5231662FB00B69520 /* GATT in Frameworks */,
				6ED81FF1231662FB00B69520 /* CryptoSwift in Frameworks */,
				6ED81FF3231662FB00B69520 /* DarwinGATT in Frameworks */,
				6ED81FF7231662FB00B69520 /* TLVCoding in Frameworks */,
			);
			runOnlyForDeploymentPostprocessing = 0;
		};
		52D6DA0B1BF000BD002C0205 /* Frameworks */ = {
			isa = PBXFrameworksBuildPhase;
			buildActionMask = 2147483647;
			files = (
				6ED81FE5231662E200B69520 /* GATT in Frameworks */,
				6ED81FE1231662E200B69520 /* CryptoSwift in Frameworks */,
				6ED81FE3231662E200B69520 /* DarwinGATT in Frameworks */,
				6ED81FE7231662E200B69520 /* TLVCoding in Frameworks */,
			);
			runOnlyForDeploymentPostprocessing = 0;
		};
		DD7502771C68FCFC006590AF /* Frameworks */ = {
			isa = PBXFrameworksBuildPhase;
			buildActionMask = 2147483647;
			files = (
				DD7502881C68FEDE006590AF /* CoreLock.framework in Frameworks */,
			);
			runOnlyForDeploymentPostprocessing = 0;
		};
/* End PBXFrameworksBuildPhase section */

/* Begin PBXGroup section */
		52D6D9721BEFF229002C0205 = {
			isa = PBXGroup;
			children = (
				6E60FF582121041400787DAA /* Sources */,
				6E60FF512121041400787DAA /* Tests */,
				52D6D99C1BEFF38C002C0205 /* Configs */,
				52D6D97D1BEFF229002C0205 /* Products */,
				6ED81FDF231662E200B69520 /* Frameworks */,
			);
			sourceTree = "<group>";
		};
		52D6D97D1BEFF229002C0205 /* Products */ = {
			isa = PBXGroup;
			children = (
				52D6D97C1BEFF229002C0205 /* CoreLock.framework */,
				52D6D9E21BEFFF6E002C0205 /* CoreLock.framework */,
				52D6D9F01BEFFFBE002C0205 /* CoreLock.framework */,
				52D6DA0F1BF000BD002C0205 /* CoreLock.framework */,
				DD75027A1C68FCFC006590AF /* CoreLockTests.xctest */,
			);
			name = Products;
			sourceTree = "<group>";
		};
		52D6D99C1BEFF38C002C0205 /* Configs */ = {
			isa = PBXGroup;
			children = (
				DD7502721C68FC1B006590AF /* Frameworks */,
				DD7502731C68FC20006590AF /* Tests */,
			);
			path = Configs;
			sourceTree = "<group>";
		};
		6E60FF512121041400787DAA /* Tests */ = {
			isa = PBXGroup;
			children = (
				6E60FF522121041400787DAA /* CoreLockTests */,
				6E60FF552121041400787DAA /* LinuxMain.swift */,
				6E60FF562121041400787DAA /* CoreLockGATTServerTests */,
			);
			name = Tests;
			path = ../Tests;
			sourceTree = "<group>";
		};
		6E60FF522121041400787DAA /* CoreLockTests */ = {
			isa = PBXGroup;
			children = (
				6E60FF532121041400787DAA /* CryptoTests.swift */,
				6E60FF542121041400787DAA /* GATTProfileTests.swift */,
				6E0A32D922D91E1D002EF9DE /* URLTests.swift */,
			);
			path = CoreLockTests;
			sourceTree = "<group>";
		};
		6E60FF562121041400787DAA /* CoreLockGATTServerTests */ = {
			isa = PBXGroup;
			children = (
				6E60FF572121041400787DAA /* ServerTests.swift */,
			);
			path = CoreLockGATTServerTests;
			sourceTree = "<group>";
		};
		6E60FF582121041400787DAA /* Sources */ = {
			isa = PBXGroup;
			children = (
				6E60FF612121041400787DAA /* CoreLock */,
			);
			name = Sources;
			path = ../Sources;
			sourceTree = "<group>";
		};
		6E60FF612121041400787DAA /* CoreLock */ = {
			isa = PBXGroup;
			children = (
				6EF1C63522C9AC9D005E9818 /* Advertisement.swift */,
				6EF1C64D22C9AC9F005E9818 /* Authentication.swift */,
				6EF1C63222C9AC9D005E9818 /* AuthenticationError.swift */,
				6EF1C64522C9AC9E005E9818 /* BitMaskOption.swift */,
				6EF1C65422C9AC9F005E9818 /* Bool.swift */,
				6EF1C63622C9AC9D005E9818 /* BuildVersion.swift */,
				6EF1C63922C9AC9D005E9818 /* Central.swift */,
				6EF1C63822C9AC9D005E9818 /* Chunk.swift */,
				6EF1C63D22C9AC9E005E9818 /* ConfirmNewKeyCharacteristic.swift */,
				6EF1C63C22C9AC9E005E9818 /* CreateNewKeyCharacteristic.swift */,
				6EF1C64022C9AC9E005E9818 /* Crypto.swift */,
				6EF1C65122C9AC9F005E9818 /* DateComponents.swift */,
				6EF1C64B22C9AC9E005E9818 /* DeviceManager.swift */,
				6EF1C63022C9AC9D005E9818 /* EncryptedData.swift */,
				6EF1C64622C9AC9E005E9818 /* GATTError.swift */,
				6EF1C64322C9AC9E005E9818 /* GATTProfile.swift */,
				6EF1C63A22C9AC9E005E9818 /* GitCommits.swift */,
				6EF1C64F22C9AC9F005E9818 /* Integer.swift */,
				6EF1C63E22C9AC9E005E9818 /* Key.swift */,
				6EF1C63722C9AC9D005E9818 /* KeysCharacteristic.swift */,
				6EF1C63322C9AC9D005E9818 /* ListKeysCharacteristic.swift */,
				6EF1C62F22C9AC9D005E9818 /* LockConfiguration.swift */,
				6EF1C65222C9AC9F005E9818 /* LockHardware.swift */,
				6EF1C64822C9AC9E005E9818 /* LockInformationCharacteristic.swift */,
				6EF1C64222C9AC9E005E9818 /* LockModel.swift */,
				6EF1C64422C9AC9E005E9818 /* LockState.swift */,
				6EF1C63422C9AC9D005E9818 /* NewKey.swift */,
				6EF1C64E22C9AC9F005E9818 /* Permission.swift */,
				6EF1C63B22C9AC9E005E9818 /* POSIXTime.swift */,
				6EF1C63F22C9AC9E005E9818 /* RemoveKeyCharacteristic.swift */,
				6EF1C63122C9AC9D005E9818 /* SecureData.swift */,
				6EF1C62E22C9AC9D005E9818 /* SetupCharacteristic.swift */,
				6EF1C65022C9AC9F005E9818 /* SmartLockProfile.swift */,
				6EF1C64A22C9AC9E005E9818 /* Status.swift */,
				6EF1C64C22C9AC9F005E9818 /* TLV.swift */,
				6EF1C64122C9AC9E005E9818 /* UIDevice.swift */,
				6EF1C65322C9AC9F005E9818 /* UnlockAction.swift */,
				6EF1C64722C9AC9E005E9818 /* UnlockCharacteristic.swift */,
				6EF1C64922C9AC9E005E9818 /* Version.swift */,
				6E0A32D422D8FCFB002EF9DE /* URL.swift */,
			);
			path = CoreLock;
			sourceTree = "<group>";
		};
		6ED81FDF231662E200B69520 /* Frameworks */ = {
			isa = PBXGroup;
			children = (
			);
			name = Frameworks;
			sourceTree = "<group>";
		};
		DD7502721C68FC1B006590AF /* Frameworks */ = {
			isa = PBXGroup;
			children = (
				AD2FAA261CD0B6D800659CF4 /* CoreLock.plist */,
			);
			name = Frameworks;
			sourceTree = "<group>";
		};
		DD7502731C68FC20006590AF /* Tests */ = {
			isa = PBXGroup;
			children = (
				AD2FAA281CD0B6E100659CF4 /* CoreLockTests.plist */,
			);
			name = Tests;
			sourceTree = "<group>";
		};
/* End PBXGroup section */

/* Begin PBXHeadersBuildPhase section */
		52D6D9791BEFF229002C0205 /* Headers */ = {
			isa = PBXHeadersBuildPhase;
			buildActionMask = 2147483647;
			files = (
			);
			runOnlyForDeploymentPostprocessing = 0;
		};
		52D6D9DF1BEFFF6E002C0205 /* Headers */ = {
			isa = PBXHeadersBuildPhase;
			buildActionMask = 2147483647;
			files = (
			);
			runOnlyForDeploymentPostprocessing = 0;
		};
		52D6D9ED1BEFFFBE002C0205 /* Headers */ = {
			isa = PBXHeadersBuildPhase;
			buildActionMask = 2147483647;
			files = (
			);
			runOnlyForDeploymentPostprocessing = 0;
		};
		52D6DA0C1BF000BD002C0205 /* Headers */ = {
			isa = PBXHeadersBuildPhase;
			buildActionMask = 2147483647;
			files = (
			);
			runOnlyForDeploymentPostprocessing = 0;
		};
/* End PBXHeadersBuildPhase section */

/* Begin PBXNativeTarget section */
		52D6D97B1BEFF229002C0205 /* CoreLock-iOS */ = {
			isa = PBXNativeTarget;
			buildConfigurationList = 52D6D9901BEFF229002C0205 /* Build configuration list for PBXNativeTarget "CoreLock-iOS" */;
			buildPhases = (
				52D6D9771BEFF229002C0205 /* Sources */,
				52D6D9781BEFF229002C0205 /* Frameworks */,
				52D6D9791BEFF229002C0205 /* Headers */,
				52D6D97A1BEFF229002C0205 /* Resources */,
			);
			buildRules = (
			);
			dependencies = (
			);
			name = "CoreLock-iOS";
			packageProductDependencies = (
				6E9C95E923114962007C18FE /* CryptoSwift */,
				6E9C95EC231149A5007C18FE /* GATT */,
				6E9C95EE231149A5007C18FE /* DarwinGATT */,
				6E9C95F1231149F5007C18FE /* TLVCoding */,
			);
			productName = SmartLock;
			productReference = 52D6D97C1BEFF229002C0205 /* CoreLock.framework */;
			productType = "com.apple.product-type.framework";
		};
		52D6D9E11BEFFF6E002C0205 /* CoreLock-watchOS */ = {
			isa = PBXNativeTarget;
			buildConfigurationList = 52D6D9E71BEFFF6E002C0205 /* Build configuration list for PBXNativeTarget "CoreLock-watchOS" */;
			buildPhases = (
				52D6D9DD1BEFFF6E002C0205 /* Sources */,
				52D6D9DE1BEFFF6E002C0205 /* Frameworks */,
				52D6D9DF1BEFFF6E002C0205 /* Headers */,
				52D6D9E01BEFFF6E002C0205 /* Resources */,
			);
			buildRules = (
			);
			dependencies = (
			);
			name = "CoreLock-watchOS";
			packageProductDependencies = (
				6ED81FE8231662F100B69520 /* CryptoSwift */,
				6ED81FEA231662F100B69520 /* DarwinGATT */,
				6ED81FEC231662F100B69520 /* GATT */,
				6ED81FEE231662F100B69520 /* TLVCoding */,
			);
			productName = "SmartLock-watchOS";
			productReference = 52D6D9E21BEFFF6E002C0205 /* CoreLock.framework */;
			productType = "com.apple.product-type.framework";
		};
		52D6D9EF1BEFFFBE002C0205 /* CoreLock-tvOS */ = {
			isa = PBXNativeTarget;
			buildConfigurationList = 52D6DA011BEFFFBE002C0205 /* Build configuration list for PBXNativeTarget "CoreLock-tvOS" */;
			buildPhases = (
				52D6D9EB1BEFFFBE002C0205 /* Sources */,
				52D6D9EC1BEFFFBE002C0205 /* Frameworks */,
				52D6D9ED1BEFFFBE002C0205 /* Headers */,
				52D6D9EE1BEFFFBE002C0205 /* Resources */,
			);
			buildRules = (
			);
			dependencies = (
			);
			name = "CoreLock-tvOS";
			packageProductDependencies = (
				6ED81FF0231662FB00B69520 /* CryptoSwift */,
				6ED81FF2231662FB00B69520 /* DarwinGATT */,
				6ED81FF4231662FB00B69520 /* GATT */,
				6ED81FF6231662FB00B69520 /* TLVCoding */,
			);
			productName = "SmartLock-tvOS";
			productReference = 52D6D9F01BEFFFBE002C0205 /* CoreLock.framework */;
			productType = "com.apple.product-type.framework";
		};
		52D6DA0E1BF000BD002C0205 /* CoreLock-macOS */ = {
			isa = PBXNativeTarget;
			buildConfigurationList = 52D6DA201BF000BD002C0205 /* Build configuration list for PBXNativeTarget "CoreLock-macOS" */;
			buildPhases = (
				52D6DA0A1BF000BD002C0205 /* Sources */,
				52D6DA0B1BF000BD002C0205 /* Frameworks */,
				52D6DA0C1BF000BD002C0205 /* Headers */,
				52D6DA0D1BF000BD002C0205 /* Resources */,
			);
			buildRules = (
			);
			dependencies = (
			);
			name = "CoreLock-macOS";
			packageProductDependencies = (
				6ED81FE0231662E200B69520 /* CryptoSwift */,
				6ED81FE2231662E200B69520 /* DarwinGATT */,
				6ED81FE4231662E200B69520 /* GATT */,
				6ED81FE6231662E200B69520 /* TLVCoding */,
			);
			productName = "SmartLock-macOS";
			productReference = 52D6DA0F1BF000BD002C0205 /* CoreLock.framework */;
			productType = "com.apple.product-type.framework";
		};
		DD7502791C68FCFC006590AF /* CoreLockTests */ = {
			isa = PBXNativeTarget;
			buildConfigurationList = DD7502821C68FCFC006590AF /* Build configuration list for PBXNativeTarget "CoreLockTests" */;
			buildPhases = (
				DD7502761C68FCFC006590AF /* Sources */,
				DD7502771C68FCFC006590AF /* Frameworks */,
				DD7502781C68FCFC006590AF /* Resources */,
			);
			buildRules = (
			);
			dependencies = (
				DD7502811C68FCFC006590AF /* PBXTargetDependency */,
			);
			name = CoreLockTests;
			productName = "SmartLock-OS Tests";
			productReference = DD75027A1C68FCFC006590AF /* CoreLockTests.xctest */;
			productType = "com.apple.product-type.bundle.unit-test";
		};
/* End PBXNativeTarget section */

/* Begin PBXProject section */
		52D6D9731BEFF229002C0205 /* Project object */ = {
			isa = PBXProject;
			attributes = {
				LastSwiftUpdateCheck = 0720;
				LastUpgradeCheck = 1020;
				ORGANIZATIONNAME = ColemanCDA;
				TargetAttributes = {
					52D6D97B1BEFF229002C0205 = {
						CreatedOnToolsVersion = 7.1;
						LastSwiftMigration = 1020;
					};
					52D6D9E11BEFFF6E002C0205 = {
						CreatedOnToolsVersion = 7.1;
						LastSwiftMigration = 1020;
					};
					52D6D9EF1BEFFFBE002C0205 = {
						CreatedOnToolsVersion = 7.1;
						LastSwiftMigration = 1020;
					};
					52D6DA0E1BF000BD002C0205 = {
						CreatedOnToolsVersion = 7.1;
						LastSwiftMigration = 1020;
					};
					DD7502791C68FCFC006590AF = {
						CreatedOnToolsVersion = 7.2.1;
						LastSwiftMigration = 1020;
					};
				};
			};
			buildConfigurationList = 52D6D9761BEFF229002C0205 /* Build configuration list for PBXProject "CoreLock" */;
			compatibilityVersion = "Xcode 11.0";
			developmentRegion = en;
			hasScannedForEncodings = 0;
			knownRegions = (
				en,
				Base,
			);
			mainGroup = 52D6D9721BEFF229002C0205;
			packageReferences = (
				6E9C95E823114962007C18FE /* XCRemoteSwiftPackageReference "CryptoSwift" */,
				6E9C95EB231149A5007C18FE /* XCRemoteSwiftPackageReference "GATT" */,
				6E9C95F0231149F5007C18FE /* XCRemoteSwiftPackageReference "TLVCoding" */,
			);
			productRefGroup = 52D6D97D1BEFF229002C0205 /* Products */;
			projectDirPath = "";
			projectRoot = "";
			targets = (
				52D6D97B1BEFF229002C0205 /* CoreLock-iOS */,
				52D6DA0E1BF000BD002C0205 /* CoreLock-macOS */,
				52D6D9E11BEFFF6E002C0205 /* CoreLock-watchOS */,
				52D6D9EF1BEFFFBE002C0205 /* CoreLock-tvOS */,
				DD7502791C68FCFC006590AF /* CoreLockTests */,
			);
		};
/* End PBXProject section */

/* Begin PBXResourcesBuildPhase section */
		52D6D97A1BEFF229002C0205 /* Resources */ = {
			isa = PBXResourcesBuildPhase;
			buildActionMask = 2147483647;
			files = (
			);
			runOnlyForDeploymentPostprocessing = 0;
		};
		52D6D9E01BEFFF6E002C0205 /* Resources */ = {
			isa = PBXResourcesBuildPhase;
			buildActionMask = 2147483647;
			files = (
			);
			runOnlyForDeploymentPostprocessing = 0;
		};
		52D6D9EE1BEFFFBE002C0205 /* Resources */ = {
			isa = PBXResourcesBuildPhase;
			buildActionMask = 2147483647;
			files = (
			);
			runOnlyForDeploymentPostprocessing = 0;
		};
		52D6DA0D1BF000BD002C0205 /* Resources */ = {
			isa = PBXResourcesBuildPhase;
			buildActionMask = 2147483647;
			files = (
			);
			runOnlyForDeploymentPostprocessing = 0;
		};
		DD7502781C68FCFC006590AF /* Resources */ = {
			isa = PBXResourcesBuildPhase;
			buildActionMask = 2147483647;
			files = (
			);
			runOnlyForDeploymentPostprocessing = 0;
		};
/* End PBXResourcesBuildPhase section */

/* Begin PBXSourcesBuildPhase section */
		52D6D9771BEFF229002C0205 /* Sources */ = {
			isa = PBXSourcesBuildPhase;
			buildActionMask = 2147483647;
			files = (
				6EF1C68D22C9AC9F005E9818 /* CreateNewKeyCharacteristic.swift in Sources */,
				6EF1C67522C9AC9F005E9818 /* BuildVersion.swift in Sources */,
				6EF1C6ED22C9AC9F005E9818 /* Bool.swift in Sources */,
				6EF1C6B122C9AC9F005E9818 /* BitMaskOption.swift in Sources */,
				6EF1C6E122C9AC9F005E9818 /* DateComponents.swift in Sources */,
				6EF1C6CD22C9AC9F005E9818 /* TLV.swift in Sources */,
				6EF1C6D922C9AC9F005E9818 /* Integer.swift in Sources */,
				6EF1C69922C9AC9F005E9818 /* RemoveKeyCharacteristic.swift in Sources */,
				6EF1C6A522C9AC9F005E9818 /* LockModel.swift in Sources */,
				6EF1C69122C9AC9F005E9818 /* ConfirmNewKeyCharacteristic.swift in Sources */,
				6EF1C68522C9AC9F005E9818 /* GitCommits.swift in Sources */,
				6EF1C6DD22C9AC9F005E9818 /* SmartLockProfile.swift in Sources */,
				6EF1C69D22C9AC9F005E9818 /* Crypto.swift in Sources */,
				6EF1C6E522C9AC9F005E9818 /* LockHardware.swift in Sources */,
				6EF1C6B522C9AC9F005E9818 /* GATTError.swift in Sources */,
				6E0A32D522D8FCFB002EF9DE /* URL.swift in Sources */,
				6EF1C6A922C9AC9F005E9818 /* GATTProfile.swift in Sources */,
				6EF1C6BD22C9AC9F005E9818 /* LockInformationCharacteristic.swift in Sources */,
				6EF1C66122C9AC9F005E9818 /* SecureData.swift in Sources */,
				6EF1C67122C9AC9F005E9818 /* Advertisement.swift in Sources */,
				6EF1C6C922C9AC9F005E9818 /* DeviceManager.swift in Sources */,
				6EF1C6D122C9AC9F005E9818 /* Authentication.swift in Sources */,
				6EF1C66D22C9AC9F005E9818 /* NewKey.swift in Sources */,
				6EF1C67922C9AC9F005E9818 /* KeysCharacteristic.swift in Sources */,
				6EF1C69522C9AC9F005E9818 /* Key.swift in Sources */,
				6EF1C68922C9AC9F005E9818 /* POSIXTime.swift in Sources */,
				6EF1C68122C9AC9F005E9818 /* Central.swift in Sources */,
				6EF1C6C522C9AC9F005E9818 /* Status.swift in Sources */,
				6EF1C6C122C9AC9F005E9818 /* Version.swift in Sources */,
				6EF1C65D22C9AC9F005E9818 /* EncryptedData.swift in Sources */,
				6EF1C65522C9AC9F005E9818 /* SetupCharacteristic.swift in Sources */,
				6EF1C6A122C9AC9F005E9818 /* UIDevice.swift in Sources */,
				6EF1C67D22C9AC9F005E9818 /* Chunk.swift in Sources */,
				6EF1C6E922C9AC9F005E9818 /* UnlockAction.swift in Sources */,
				6EF1C6AD22C9AC9F005E9818 /* LockState.swift in Sources */,
				6EF1C66522C9AC9F005E9818 /* AuthenticationError.swift in Sources */,
				6EF1C66922C9AC9F005E9818 /* ListKeysCharacteristic.swift in Sources */,
				6EF1C6B922C9AC9F005E9818 /* UnlockCharacteristic.swift in Sources */,
				6EF1C65922C9AC9F005E9818 /* LockConfiguration.swift in Sources */,
				6EF1C6D522C9AC9F005E9818 /* Permission.swift in Sources */,
			);
			runOnlyForDeploymentPostprocessing = 0;
		};
		52D6D9DD1BEFFF6E002C0205 /* Sources */ = {
			isa = PBXSourcesBuildPhase;
			buildActionMask = 2147483647;
			files = (
				6EF1C68F22C9AC9F005E9818 /* CreateNewKeyCharacteristic.swift in Sources */,
				6EF1C67722C9AC9F005E9818 /* BuildVersion.swift in Sources */,
				6EF1C6EF22C9AC9F005E9818 /* Bool.swift in Sources */,
				6EF1C6B322C9AC9F005E9818 /* BitMaskOption.swift in Sources */,
				6EF1C6E322C9AC9F005E9818 /* DateComponents.swift in Sources */,
				6EF1C6CF22C9AC9F005E9818 /* TLV.swift in Sources */,
				6EF1C6DB22C9AC9F005E9818 /* Integer.swift in Sources */,
				6EF1C69B22C9AC9F005E9818 /* RemoveKeyCharacteristic.swift in Sources */,
				6EF1C6A722C9AC9F005E9818 /* LockModel.swift in Sources */,
				6EF1C69322C9AC9F005E9818 /* ConfirmNewKeyCharacteristic.swift in Sources */,
				6EF1C68722C9AC9F005E9818 /* GitCommits.swift in Sources */,
				6EF1C6DF22C9AC9F005E9818 /* SmartLockProfile.swift in Sources */,
				6EF1C69F22C9AC9F005E9818 /* Crypto.swift in Sources */,
				6EF1C6E722C9AC9F005E9818 /* LockHardware.swift in Sources */,
				6EF1C6B722C9AC9F005E9818 /* GATTError.swift in Sources */,
				6E0A32D722D8FCFB002EF9DE /* URL.swift in Sources */,
				6EF1C6AB22C9AC9F005E9818 /* GATTProfile.swift in Sources */,
				6EF1C6BF22C9AC9F005E9818 /* LockInformationCharacteristic.swift in Sources */,
				6EF1C66322C9AC9F005E9818 /* SecureData.swift in Sources */,
				6EF1C67322C9AC9F005E9818 /* Advertisement.swift in Sources */,
				6EF1C6CB22C9AC9F005E9818 /* DeviceManager.swift in Sources */,
				6EF1C6D322C9AC9F005E9818 /* Authentication.swift in Sources */,
				6EF1C66F22C9AC9F005E9818 /* NewKey.swift in Sources */,
				6EF1C67B22C9AC9F005E9818 /* KeysCharacteristic.swift in Sources */,
				6EF1C69722C9AC9F005E9818 /* Key.swift in Sources */,
				6EF1C68B22C9AC9F005E9818 /* POSIXTime.swift in Sources */,
				6EF1C68322C9AC9F005E9818 /* Central.swift in Sources */,
				6EF1C6C722C9AC9F005E9818 /* Status.swift in Sources */,
				6EF1C6C322C9AC9F005E9818 /* Version.swift in Sources */,
				6EF1C65F22C9AC9F005E9818 /* EncryptedData.swift in Sources */,
				6EF1C65722C9AC9F005E9818 /* SetupCharacteristic.swift in Sources */,
				6EF1C6A322C9AC9F005E9818 /* UIDevice.swift in Sources */,
				6EF1C67F22C9AC9F005E9818 /* Chunk.swift in Sources */,
				6EF1C6EB22C9AC9F005E9818 /* UnlockAction.swift in Sources */,
				6EF1C6AF22C9AC9F005E9818 /* LockState.swift in Sources */,
				6EF1C66722C9AC9F005E9818 /* AuthenticationError.swift in Sources */,
				6EF1C66B22C9AC9F005E9818 /* ListKeysCharacteristic.swift in Sources */,
				6EF1C6BB22C9AC9F005E9818 /* UnlockCharacteristic.swift in Sources */,
				6EF1C65B22C9AC9F005E9818 /* LockConfiguration.swift in Sources */,
				6EF1C6D722C9AC9F005E9818 /* Permission.swift in Sources */,
			);
			runOnlyForDeploymentPostprocessing = 0;
		};
		52D6D9EB1BEFFFBE002C0205 /* Sources */ = {
			isa = PBXSourcesBuildPhase;
			buildActionMask = 2147483647;
			files = (
				6EF1C69022C9AC9F005E9818 /* CreateNewKeyCharacteristic.swift in Sources */,
				6EF1C67822C9AC9F005E9818 /* BuildVersion.swift in Sources */,
				6EF1C6F022C9AC9F005E9818 /* Bool.swift in Sources */,
				6EF1C6B422C9AC9F005E9818 /* BitMaskOption.swift in Sources */,
				6EF1C6E422C9AC9F005E9818 /* DateComponents.swift in Sources */,
				6EF1C6D022C9AC9F005E9818 /* TLV.swift in Sources */,
				6EF1C6DC22C9AC9F005E9818 /* Integer.swift in Sources */,
				6EF1C69C22C9AC9F005E9818 /* RemoveKeyCharacteristic.swift in Sources */,
				6EF1C6A822C9AC9F005E9818 /* LockModel.swift in Sources */,
				6EF1C69422C9AC9F005E9818 /* ConfirmNewKeyCharacteristic.swift in Sources */,
				6EF1C68822C9AC9F005E9818 /* GitCommits.swift in Sources */,
				6EF1C6E022C9AC9F005E9818 /* SmartLockProfile.swift in Sources */,
				6EF1C6A022C9AC9F005E9818 /* Crypto.swift in Sources */,
				6EF1C6E822C9AC9F005E9818 /* LockHardware.swift in Sources */,
				6EF1C6B822C9AC9F005E9818 /* GATTError.swift in Sources */,
				6E0A32D822D8FCFB002EF9DE /* URL.swift in Sources */,
				6EF1C6AC22C9AC9F005E9818 /* GATTProfile.swift in Sources */,
				6EF1C6C022C9AC9F005E9818 /* LockInformationCharacteristic.swift in Sources */,
				6EF1C66422C9AC9F005E9818 /* SecureData.swift in Sources */,
				6EF1C67422C9AC9F005E9818 /* Advertisement.swift in Sources */,
				6EF1C6CC22C9AC9F005E9818 /* DeviceManager.swift in Sources */,
				6EF1C6D422C9AC9F005E9818 /* Authentication.swift in Sources */,
				6EF1C67022C9AC9F005E9818 /* NewKey.swift in Sources */,
				6EF1C67C22C9AC9F005E9818 /* KeysCharacteristic.swift in Sources */,
				6EF1C69822C9AC9F005E9818 /* Key.swift in Sources */,
				6EF1C68C22C9AC9F005E9818 /* POSIXTime.swift in Sources */,
				6EF1C68422C9AC9F005E9818 /* Central.swift in Sources */,
				6EF1C6C822C9AC9F005E9818 /* Status.swift in Sources */,
				6EF1C6C422C9AC9F005E9818 /* Version.swift in Sources */,
				6EF1C66022C9AC9F005E9818 /* EncryptedData.swift in Sources */,
				6EF1C65822C9AC9F005E9818 /* SetupCharacteristic.swift in Sources */,
				6EF1C6A422C9AC9F005E9818 /* UIDevice.swift in Sources */,
				6EF1C68022C9AC9F005E9818 /* Chunk.swift in Sources */,
				6EF1C6EC22C9AC9F005E9818 /* UnlockAction.swift in Sources */,
				6EF1C6B022C9AC9F005E9818 /* LockState.swift in Sources */,
				6EF1C66822C9AC9F005E9818 /* AuthenticationError.swift in Sources */,
				6EF1C66C22C9AC9F005E9818 /* ListKeysCharacteristic.swift in Sources */,
				6EF1C6BC22C9AC9F005E9818 /* UnlockCharacteristic.swift in Sources */,
				6EF1C65C22C9AC9F005E9818 /* LockConfiguration.swift in Sources */,
				6EF1C6D822C9AC9F005E9818 /* Permission.swift in Sources */,
			);
			runOnlyForDeploymentPostprocessing = 0;
		};
		52D6DA0A1BF000BD002C0205 /* Sources */ = {
			isa = PBXSourcesBuildPhase;
			buildActionMask = 2147483647;
			files = (
				6EF1C68E22C9AC9F005E9818 /* CreateNewKeyCharacteristic.swift in Sources */,
				6EF1C67622C9AC9F005E9818 /* BuildVersion.swift in Sources */,
				6EF1C6EE22C9AC9F005E9818 /* Bool.swift in Sources */,
				6EF1C6B222C9AC9F005E9818 /* BitMaskOption.swift in Sources */,
				6EF1C6E222C9AC9F005E9818 /* DateComponents.swift in Sources */,
				6EF1C6CE22C9AC9F005E9818 /* TLV.swift in Sources */,
				6EF1C6DA22C9AC9F005E9818 /* Integer.swift in Sources */,
				6EF1C69A22C9AC9F005E9818 /* RemoveKeyCharacteristic.swift in Sources */,
				6EF1C6A622C9AC9F005E9818 /* LockModel.swift in Sources */,
				6EF1C69222C9AC9F005E9818 /* ConfirmNewKeyCharacteristic.swift in Sources */,
				6EF1C68622C9AC9F005E9818 /* GitCommits.swift in Sources */,
				6EF1C6DE22C9AC9F005E9818 /* SmartLockProfile.swift in Sources */,
				6EF1C69E22C9AC9F005E9818 /* Crypto.swift in Sources */,
				6EF1C6E622C9AC9F005E9818 /* LockHardware.swift in Sources */,
				6EF1C6B622C9AC9F005E9818 /* GATTError.swift in Sources */,
				6E0A32D622D8FCFB002EF9DE /* URL.swift in Sources */,
				6EF1C6AA22C9AC9F005E9818 /* GATTProfile.swift in Sources */,
				6EF1C6BE22C9AC9F005E9818 /* LockInformationCharacteristic.swift in Sources */,
				6EF1C66222C9AC9F005E9818 /* SecureData.swift in Sources */,
				6EF1C67222C9AC9F005E9818 /* Advertisement.swift in Sources */,
				6EF1C6CA22C9AC9F005E9818 /* DeviceManager.swift in Sources */,
				6EF1C6D222C9AC9F005E9818 /* Authentication.swift in Sources */,
				6EF1C66E22C9AC9F005E9818 /* NewKey.swift in Sources */,
				6EF1C67A22C9AC9F005E9818 /* KeysCharacteristic.swift in Sources */,
				6EF1C69622C9AC9F005E9818 /* Key.swift in Sources */,
				6EF1C68A22C9AC9F005E9818 /* POSIXTime.swift in Sources */,
				6EF1C68222C9AC9F005E9818 /* Central.swift in Sources */,
				6EF1C6C622C9AC9F005E9818 /* Status.swift in Sources */,
				6EF1C6C222C9AC9F005E9818 /* Version.swift in Sources */,
				6EF1C65E22C9AC9F005E9818 /* EncryptedData.swift in Sources */,
				6EF1C65622C9AC9F005E9818 /* SetupCharacteristic.swift in Sources */,
				6EF1C6A222C9AC9F005E9818 /* UIDevice.swift in Sources */,
				6EF1C67E22C9AC9F005E9818 /* Chunk.swift in Sources */,
				6EF1C6EA22C9AC9F005E9818 /* UnlockAction.swift in Sources */,
				6EF1C6AE22C9AC9F005E9818 /* LockState.swift in Sources */,
				6EF1C66622C9AC9F005E9818 /* AuthenticationError.swift in Sources */,
				6EF1C66A22C9AC9F005E9818 /* ListKeysCharacteristic.swift in Sources */,
				6EF1C6BA22C9AC9F005E9818 /* UnlockCharacteristic.swift in Sources */,
				6EF1C65A22C9AC9F005E9818 /* LockConfiguration.swift in Sources */,
				6EF1C6D622C9AC9F005E9818 /* Permission.swift in Sources */,
			);
			runOnlyForDeploymentPostprocessing = 0;
		};
		DD7502761C68FCFC006590AF /* Sources */ = {
			isa = PBXSourcesBuildPhase;
			buildActionMask = 2147483647;
			files = (
				6E0A32DA22D91E1D002EF9DE /* URLTests.swift in Sources */,
			);
			runOnlyForDeploymentPostprocessing = 0;
		};
/* End PBXSourcesBuildPhase section */

/* Begin PBXTargetDependency section */
		DD7502811C68FCFC006590AF /* PBXTargetDependency */ = {
			isa = PBXTargetDependency;
			target = 52D6DA0E1BF000BD002C0205 /* CoreLock-macOS */;
			targetProxy = DD7502801C68FCFC006590AF /* PBXContainerItemProxy */;
		};
/* End PBXTargetDependency section */

/* Begin XCBuildConfiguration section */
		52D6D98E1BEFF229002C0205 /* Debug */ = {
			isa = XCBuildConfiguration;
			buildSettings = {
				ALWAYS_SEARCH_USER_PATHS = NO;
				CLANG_ANALYZER_LOCALIZABILITY_NONLOCALIZED = YES;
				CLANG_CXX_LANGUAGE_STANDARD = "gnu++0x";
				CLANG_CXX_LIBRARY = "libc++";
				CLANG_ENABLE_MODULES = YES;
				CLANG_ENABLE_OBJC_ARC = YES;
				CLANG_WARN_BLOCK_CAPTURE_AUTORELEASING = YES;
				CLANG_WARN_BOOL_CONVERSION = YES;
				CLANG_WARN_COMMA = YES;
				CLANG_WARN_CONSTANT_CONVERSION = YES;
				CLANG_WARN_DEPRECATED_OBJC_IMPLEMENTATIONS = YES;
				CLANG_WARN_DIRECT_OBJC_ISA_USAGE = YES_ERROR;
				CLANG_WARN_EMPTY_BODY = YES;
				CLANG_WARN_ENUM_CONVERSION = YES;
				CLANG_WARN_INFINITE_RECURSION = YES;
				CLANG_WARN_INT_CONVERSION = YES;
				CLANG_WARN_NON_LITERAL_NULL_CONVERSION = YES;
				CLANG_WARN_OBJC_IMPLICIT_RETAIN_SELF = YES;
				CLANG_WARN_OBJC_LITERAL_CONVERSION = YES;
				CLANG_WARN_OBJC_ROOT_CLASS = YES_ERROR;
				CLANG_WARN_RANGE_LOOP_ANALYSIS = YES;
				CLANG_WARN_STRICT_PROTOTYPES = YES;
				CLANG_WARN_SUSPICIOUS_MOVE = YES;
				CLANG_WARN_UNREACHABLE_CODE = YES;
				CLANG_WARN__DUPLICATE_METHOD_MATCH = YES;
				"CODE_SIGN_IDENTITY[sdk=iphoneos*]" = "iPhone Developer";
				COPY_PHASE_STRIP = NO;
				CURRENT_PROJECT_VERSION = 1;
				DEBUG_INFORMATION_FORMAT = dwarf;
				ENABLE_STRICT_OBJC_MSGSEND = YES;
				ENABLE_TESTABILITY = YES;
				GCC_C_LANGUAGE_STANDARD = gnu99;
				GCC_DYNAMIC_NO_PIC = NO;
				GCC_NO_COMMON_BLOCKS = YES;
				GCC_OPTIMIZATION_LEVEL = 0;
				GCC_PREPROCESSOR_DEFINITIONS = (
					"DEBUG=1",
					"$(inherited)",
				);
				GCC_WARN_64_TO_32_BIT_CONVERSION = YES;
				GCC_WARN_ABOUT_RETURN_TYPE = YES_ERROR;
				GCC_WARN_UNDECLARED_SELECTOR = YES;
				GCC_WARN_UNINITIALIZED_AUTOS = YES_AGGRESSIVE;
				GCC_WARN_UNUSED_FUNCTION = YES;
				GCC_WARN_UNUSED_VARIABLE = YES;
				INFOPLIST_FILE = Configs/CoreLock.plist;
				IPHONEOS_DEPLOYMENT_TARGET = 8.2;
				MACOSX_DEPLOYMENT_TARGET = 10.11;
				MTL_ENABLE_DEBUG_INFO = YES;
				ONLY_ACTIVE_ARCH = YES;
				PRODUCT_BUNDLE_IDENTIFIER = com.colemancda.CoreLock;
				PRODUCT_NAME = CoreLock;
				SDKROOT = iphoneos;
				SWIFT_OPTIMIZATION_LEVEL = "-Onone";
				SWIFT_VERSION = 5.0;
				TARGETED_DEVICE_FAMILY = "1,2";
				TVOS_DEPLOYMENT_TARGET = 9.0;
				VERSIONING_SYSTEM = "apple-generic";
				VERSION_INFO_PREFIX = "";
				WATCHOS_DEPLOYMENT_TARGET = 3.0;
			};
			name = Debug;
		};
		52D6D98F1BEFF229002C0205 /* Release */ = {
			isa = XCBuildConfiguration;
			buildSettings = {
				ALWAYS_SEARCH_USER_PATHS = NO;
				CLANG_ANALYZER_LOCALIZABILITY_NONLOCALIZED = YES;
				CLANG_CXX_LANGUAGE_STANDARD = "gnu++0x";
				CLANG_CXX_LIBRARY = "libc++";
				CLANG_ENABLE_MODULES = YES;
				CLANG_ENABLE_OBJC_ARC = YES;
				CLANG_WARN_BLOCK_CAPTURE_AUTORELEASING = YES;
				CLANG_WARN_BOOL_CONVERSION = YES;
				CLANG_WARN_COMMA = YES;
				CLANG_WARN_CONSTANT_CONVERSION = YES;
				CLANG_WARN_DEPRECATED_OBJC_IMPLEMENTATIONS = YES;
				CLANG_WARN_DIRECT_OBJC_ISA_USAGE = YES_ERROR;
				CLANG_WARN_EMPTY_BODY = YES;
				CLANG_WARN_ENUM_CONVERSION = YES;
				CLANG_WARN_INFINITE_RECURSION = YES;
				CLANG_WARN_INT_CONVERSION = YES;
				CLANG_WARN_NON_LITERAL_NULL_CONVERSION = YES;
				CLANG_WARN_OBJC_IMPLICIT_RETAIN_SELF = YES;
				CLANG_WARN_OBJC_LITERAL_CONVERSION = YES;
				CLANG_WARN_OBJC_ROOT_CLASS = YES_ERROR;
				CLANG_WARN_RANGE_LOOP_ANALYSIS = YES;
				CLANG_WARN_STRICT_PROTOTYPES = YES;
				CLANG_WARN_SUSPICIOUS_MOVE = YES;
				CLANG_WARN_UNREACHABLE_CODE = YES;
				CLANG_WARN__DUPLICATE_METHOD_MATCH = YES;
				"CODE_SIGN_IDENTITY[sdk=iphoneos*]" = "iPhone Developer";
				COPY_PHASE_STRIP = NO;
				CURRENT_PROJECT_VERSION = 1;
				DEBUG_INFORMATION_FORMAT = "dwarf-with-dsym";
				ENABLE_NS_ASSERTIONS = NO;
				ENABLE_STRICT_OBJC_MSGSEND = YES;
				GCC_C_LANGUAGE_STANDARD = gnu99;
				GCC_NO_COMMON_BLOCKS = YES;
				GCC_WARN_64_TO_32_BIT_CONVERSION = YES;
				GCC_WARN_ABOUT_RETURN_TYPE = YES_ERROR;
				GCC_WARN_UNDECLARED_SELECTOR = YES;
				GCC_WARN_UNINITIALIZED_AUTOS = YES_AGGRESSIVE;
				GCC_WARN_UNUSED_FUNCTION = YES;
				GCC_WARN_UNUSED_VARIABLE = YES;
				INFOPLIST_FILE = Configs/CoreLock.plist;
				IPHONEOS_DEPLOYMENT_TARGET = 8.2;
				MACOSX_DEPLOYMENT_TARGET = 10.11;
				MTL_ENABLE_DEBUG_INFO = NO;
				PRODUCT_BUNDLE_IDENTIFIER = com.colemancda.CoreLock;
				PRODUCT_NAME = CoreLock;
				SDKROOT = iphoneos;
				SWIFT_COMPILATION_MODE = wholemodule;
				SWIFT_VERSION = 5.0;
				TARGETED_DEVICE_FAMILY = "1,2";
				TVOS_DEPLOYMENT_TARGET = 9.0;
				VALIDATE_PRODUCT = YES;
				VERSIONING_SYSTEM = "apple-generic";
				VERSION_INFO_PREFIX = "";
				WATCHOS_DEPLOYMENT_TARGET = 3.0;
			};
			name = Release;
		};
		52D6D9911BEFF229002C0205 /* Debug */ = {
			isa = XCBuildConfiguration;
			buildSettings = {
				APPLICATION_EXTENSION_API_ONLY = YES;
				CLANG_ENABLE_MODULES = YES;
				"CODE_SIGN_IDENTITY[sdk=iphoneos*]" = "";
				DEFINES_MODULE = YES;
				DYLIB_COMPATIBILITY_VERSION = 1;
				DYLIB_CURRENT_VERSION = 1;
				DYLIB_INSTALL_NAME_BASE = "@rpath";
				FRAMEWORK_SEARCH_PATHS = $SRCROOT/../Carthage/Build/iOS;
				INSTALL_PATH = "$(LOCAL_LIBRARY_DIR)/Frameworks";
				LD_RUNPATH_SEARCH_PATHS = (
					"$(inherited)",
					"@executable_path/Frameworks",
					"@loader_path/Frameworks",
				);
				SKIP_INSTALL = YES;
				SUPPORTS_MACCATALYST = YES;
				SWIFT_OPTIMIZATION_LEVEL = "-Onone";
				SWIFT_VERSION = 5.0;
			};
			name = Debug;
		};
		52D6D9921BEFF229002C0205 /* Release */ = {
			isa = XCBuildConfiguration;
			buildSettings = {
				APPLICATION_EXTENSION_API_ONLY = YES;
				CLANG_ENABLE_MODULES = YES;
				"CODE_SIGN_IDENTITY[sdk=iphoneos*]" = "";
				DEFINES_MODULE = YES;
				DYLIB_COMPATIBILITY_VERSION = 1;
				DYLIB_CURRENT_VERSION = 1;
				DYLIB_INSTALL_NAME_BASE = "@rpath";
				FRAMEWORK_SEARCH_PATHS = $SRCROOT/../Carthage/Build/iOS;
				INSTALL_PATH = "$(LOCAL_LIBRARY_DIR)/Frameworks";
				LD_RUNPATH_SEARCH_PATHS = (
					"$(inherited)",
					"@executable_path/Frameworks",
					"@loader_path/Frameworks",
				);
				SKIP_INSTALL = YES;
				SUPPORTS_MACCATALYST = YES;
				SWIFT_VERSION = 5.0;
			};
			name = Release;
		};
		52D6D9E81BEFFF6E002C0205 /* Debug */ = {
			isa = XCBuildConfiguration;
			buildSettings = {
				APPLICATION_EXTENSION_API_ONLY = YES;
				CLANG_ENABLE_MODULES = YES;
				"CODE_SIGN_IDENTITY[sdk=watchos*]" = "";
				DEFINES_MODULE = YES;
				DYLIB_COMPATIBILITY_VERSION = 1;
				DYLIB_CURRENT_VERSION = 1;
				DYLIB_INSTALL_NAME_BASE = "@rpath";
				FRAMEWORK_SEARCH_PATHS = $SRCROOT/../Carthage/Build/watchOS;
				INSTALL_PATH = "$(LOCAL_LIBRARY_DIR)/Frameworks";
				LD_RUNPATH_SEARCH_PATHS = (
					"$(inherited)",
					"@executable_path/Frameworks",
					"@loader_path/Frameworks",
				);
				SDKROOT = watchos;
				SKIP_INSTALL = YES;
				SWIFT_OPTIMIZATION_LEVEL = "-Onone";
				SWIFT_VERSION = 5.0;
				TARGETED_DEVICE_FAMILY = 4;
			};
			name = Debug;
		};
		52D6D9E91BEFFF6E002C0205 /* Release */ = {
			isa = XCBuildConfiguration;
			buildSettings = {
				APPLICATION_EXTENSION_API_ONLY = YES;
				CLANG_ENABLE_MODULES = YES;
				"CODE_SIGN_IDENTITY[sdk=watchos*]" = "";
				DEFINES_MODULE = YES;
				DYLIB_COMPATIBILITY_VERSION = 1;
				DYLIB_CURRENT_VERSION = 1;
				DYLIB_INSTALL_NAME_BASE = "@rpath";
				FRAMEWORK_SEARCH_PATHS = $SRCROOT/../Carthage/Build/watchOS;
				INSTALL_PATH = "$(LOCAL_LIBRARY_DIR)/Frameworks";
				LD_RUNPATH_SEARCH_PATHS = (
					"$(inherited)",
					"@executable_path/Frameworks",
					"@loader_path/Frameworks",
				);
				SDKROOT = watchos;
				SKIP_INSTALL = YES;
				SWIFT_VERSION = 5.0;
				TARGETED_DEVICE_FAMILY = 4;
			};
			name = Release;
		};
		52D6DA021BEFFFBE002C0205 /* Debug */ = {
			isa = XCBuildConfiguration;
			buildSettings = {
				APPLICATION_EXTENSION_API_ONLY = YES;
				CLANG_ENABLE_MODULES = YES;
				"CODE_SIGN_IDENTITY[sdk=appletvos*]" = "";
				DEFINES_MODULE = YES;
				DYLIB_COMPATIBILITY_VERSION = 1;
				DYLIB_CURRENT_VERSION = 1;
				DYLIB_INSTALL_NAME_BASE = "@rpath";
				FRAMEWORK_SEARCH_PATHS = $SRCROOT/../Carthage/Build/tvOS;
				INSTALL_PATH = "$(LOCAL_LIBRARY_DIR)/Frameworks";
				LD_RUNPATH_SEARCH_PATHS = (
					"$(inherited)",
					"@executable_path/Frameworks",
					"@loader_path/Frameworks",
				);
				SDKROOT = appletvos;
				SKIP_INSTALL = YES;
				SWIFT_OPTIMIZATION_LEVEL = "-Onone";
				SWIFT_VERSION = 5.0;
				TARGETED_DEVICE_FAMILY = 3;
			};
			name = Debug;
		};
		52D6DA031BEFFFBE002C0205 /* Release */ = {
			isa = XCBuildConfiguration;
			buildSettings = {
				APPLICATION_EXTENSION_API_ONLY = YES;
				CLANG_ENABLE_MODULES = YES;
				"CODE_SIGN_IDENTITY[sdk=appletvos*]" = "";
				DEFINES_MODULE = YES;
				DYLIB_COMPATIBILITY_VERSION = 1;
				DYLIB_CURRENT_VERSION = 1;
				DYLIB_INSTALL_NAME_BASE = "@rpath";
				FRAMEWORK_SEARCH_PATHS = $SRCROOT/../Carthage/Build/tvOS;
				INSTALL_PATH = "$(LOCAL_LIBRARY_DIR)/Frameworks";
				LD_RUNPATH_SEARCH_PATHS = (
					"$(inherited)",
					"@executable_path/Frameworks",
					"@loader_path/Frameworks",
				);
				SDKROOT = appletvos;
				SKIP_INSTALL = YES;
				SWIFT_VERSION = 5.0;
				TARGETED_DEVICE_FAMILY = 3;
			};
			name = Release;
		};
		52D6DA211BF000BD002C0205 /* Debug */ = {
			isa = XCBuildConfiguration;
			buildSettings = {
				APPLICATION_EXTENSION_API_ONLY = YES;
				CLANG_ENABLE_MODULES = YES;
				CODE_SIGN_IDENTITY = "-";
				COMBINE_HIDPI_IMAGES = YES;
				DEFINES_MODULE = YES;
				DYLIB_COMPATIBILITY_VERSION = 1;
				DYLIB_CURRENT_VERSION = 1;
				DYLIB_INSTALL_NAME_BASE = "@rpath";
				FRAMEWORK_SEARCH_PATHS = $SRCROOT/../Carthage/Build/Mac;
				FRAMEWORK_VERSION = A;
				INSTALL_PATH = "$(LOCAL_LIBRARY_DIR)/Frameworks";
				LD_RUNPATH_SEARCH_PATHS = (
					"$(inherited)",
					"@executable_path/../Frameworks",
					"@loader_path/Frameworks",
				);
				SDKROOT = macosx;
				SKIP_INSTALL = YES;
				SWIFT_OPTIMIZATION_LEVEL = "-Onone";
				SWIFT_VERSION = 5.0;
			};
			name = Debug;
		};
		52D6DA221BF000BD002C0205 /* Release */ = {
			isa = XCBuildConfiguration;
			buildSettings = {
				APPLICATION_EXTENSION_API_ONLY = YES;
				CLANG_ENABLE_MODULES = YES;
				CODE_SIGN_IDENTITY = "-";
				COMBINE_HIDPI_IMAGES = YES;
				DEFINES_MODULE = YES;
				DYLIB_COMPATIBILITY_VERSION = 1;
				DYLIB_CURRENT_VERSION = 1;
				DYLIB_INSTALL_NAME_BASE = "@rpath";
				FRAMEWORK_SEARCH_PATHS = $SRCROOT/../Carthage/Build/Mac;
				FRAMEWORK_VERSION = A;
				INSTALL_PATH = "$(LOCAL_LIBRARY_DIR)/Frameworks";
				LD_RUNPATH_SEARCH_PATHS = (
					"$(inherited)",
					"@executable_path/../Frameworks",
					"@loader_path/Frameworks",
				);
				SDKROOT = macosx;
				SKIP_INSTALL = YES;
				SWIFT_VERSION = 5.0;
			};
			name = Release;
		};
		DD7502831C68FCFC006590AF /* Debug */ = {
			isa = XCBuildConfiguration;
			buildSettings = {
				ALWAYS_EMBED_SWIFT_STANDARD_LIBRARIES = YES;
				CLANG_ENABLE_MODULES = YES;
				CODE_SIGN_IDENTITY = "-";
				COMBINE_HIDPI_IMAGES = YES;
				FRAMEWORK_SEARCH_PATHS = $SRCROOT/../Carthage/Build/Mac;
				INFOPLIST_FILE = Configs/CoreLockTests.plist;
				LD_RUNPATH_SEARCH_PATHS = (
					"$(inherited)",
					"@executable_path/../Frameworks",
					"@loader_path/../Frameworks",
					$FRAMEWORK_SEARCH_PATHS,
				);
				MACOSX_DEPLOYMENT_TARGET = 10.11;
				PRODUCT_BUNDLE_IDENTIFIER = com.colemancda.CoreLockTests;
				PRODUCT_NAME = CoreLockTests;
				SDKROOT = macosx;
				SWIFT_OPTIMIZATION_LEVEL = "-Onone";
				SWIFT_VERSION = 5.0;
			};
			name = Debug;
		};
		DD7502841C68FCFC006590AF /* Release */ = {
			isa = XCBuildConfiguration;
			buildSettings = {
				ALWAYS_EMBED_SWIFT_STANDARD_LIBRARIES = YES;
				CLANG_ENABLE_MODULES = YES;
				CODE_SIGN_IDENTITY = "-";
				COMBINE_HIDPI_IMAGES = YES;
				FRAMEWORK_SEARCH_PATHS = $SRCROOT/../Carthage/Build/Mac;
				INFOPLIST_FILE = Configs/CoreLockTests.plist;
				LD_RUNPATH_SEARCH_PATHS = (
					"$(inherited)",
					"@executable_path/../Frameworks",
					"@loader_path/../Frameworks",
					$FRAMEWORK_SEARCH_PATHS,
				);
				MACOSX_DEPLOYMENT_TARGET = 10.11;
				PRODUCT_BUNDLE_IDENTIFIER = com.colemancda.CoreLockTests;
				PRODUCT_NAME = CoreLockTests;
				SDKROOT = macosx;
				SWIFT_COMPILATION_MODE = wholemodule;
				SWIFT_OPTIMIZATION_LEVEL = "-O";
				SWIFT_VERSION = 5.0;
			};
			name = Release;
		};
/* End XCBuildConfiguration section */

/* Begin XCConfigurationList section */
		52D6D9761BEFF229002C0205 /* Build configuration list for PBXProject "CoreLock" */ = {
			isa = XCConfigurationList;
			buildConfigurations = (
				52D6D98E1BEFF229002C0205 /* Debug */,
				52D6D98F1BEFF229002C0205 /* Release */,
			);
			defaultConfigurationIsVisible = 0;
			defaultConfigurationName = Release;
		};
		52D6D9901BEFF229002C0205 /* Build configuration list for PBXNativeTarget "CoreLock-iOS" */ = {
			isa = XCConfigurationList;
			buildConfigurations = (
				52D6D9911BEFF229002C0205 /* Debug */,
				52D6D9921BEFF229002C0205 /* Release */,
			);
			defaultConfigurationIsVisible = 0;
			defaultConfigurationName = Release;
		};
		52D6D9E71BEFFF6E002C0205 /* Build configuration list for PBXNativeTarget "CoreLock-watchOS" */ = {
			isa = XCConfigurationList;
			buildConfigurations = (
				52D6D9E81BEFFF6E002C0205 /* Debug */,
				52D6D9E91BEFFF6E002C0205 /* Release */,
			);
			defaultConfigurationIsVisible = 0;
			defaultConfigurationName = Release;
		};
		52D6DA011BEFFFBE002C0205 /* Build configuration list for PBXNativeTarget "CoreLock-tvOS" */ = {
			isa = XCConfigurationList;
			buildConfigurations = (
				52D6DA021BEFFFBE002C0205 /* Debug */,
				52D6DA031BEFFFBE002C0205 /* Release */,
			);
			defaultConfigurationIsVisible = 0;
			defaultConfigurationName = Release;
		};
		52D6DA201BF000BD002C0205 /* Build configuration list for PBXNativeTarget "CoreLock-macOS" */ = {
			isa = XCConfigurationList;
			buildConfigurations = (
				52D6DA211BF000BD002C0205 /* Debug */,
				52D6DA221BF000BD002C0205 /* Release */,
			);
			defaultConfigurationIsVisible = 0;
			defaultConfigurationName = Release;
		};
		DD7502821C68FCFC006590AF /* Build configuration list for PBXNativeTarget "CoreLockTests" */ = {
			isa = XCConfigurationList;
			buildConfigurations = (
				DD7502831C68FCFC006590AF /* Debug */,
				DD7502841C68FCFC006590AF /* Release */,
			);
			defaultConfigurationIsVisible = 0;
			defaultConfigurationName = Release;
		};
/* End XCConfigurationList section */

/* Begin XCRemoteSwiftPackageReference section */
		6E9C95E823114962007C18FE /* XCRemoteSwiftPackageReference "CryptoSwift" */ = {
			isa = XCRemoteSwiftPackageReference;
			repositoryURL = "https://github.com/krzyzanowskim/CryptoSwift";
			requirement = {
				branch = master;
				kind = branch;
			};
		};
		6E9C95EB231149A5007C18FE /* XCRemoteSwiftPackageReference "GATT" */ = {
			isa = XCRemoteSwiftPackageReference;
			repositoryURL = "https://github.com/PureSwift/GATT.git";
			requirement = {
				branch = master;
				kind = branch;
			};
		};
		6E9C95F0231149F5007C18FE /* XCRemoteSwiftPackageReference "TLVCoding" */ = {
			isa = XCRemoteSwiftPackageReference;
			repositoryURL = "https://github.com/PureSwift/TLVCoding.git";
			requirement = {
				branch = master;
				kind = branch;
			};
		};
/* End XCRemoteSwiftPackageReference section */

/* Begin XCSwiftPackageProductDependency section */
		6E9C95E923114962007C18FE /* CryptoSwift */ = {
			isa = XCSwiftPackageProductDependency;
			package = 6E9C95E823114962007C18FE /* XCRemoteSwiftPackageReference "CryptoSwift" */;
			productName = CryptoSwift;
		};
		6E9C95EC231149A5007C18FE /* GATT */ = {
			isa = XCSwiftPackageProductDependency;
			package = 6E9C95EB231149A5007C18FE /* XCRemoteSwiftPackageReference "GATT" */;
			productName = GATT;
		};
		6E9C95EE231149A5007C18FE /* DarwinGATT */ = {
			isa = XCSwiftPackageProductDependency;
			package = 6E9C95EB231149A5007C18FE /* XCRemoteSwiftPackageReference "GATT" */;
			productName = DarwinGATT;
		};
		6E9C95F1231149F5007C18FE /* TLVCoding */ = {
			isa = XCSwiftPackageProductDependency;
			package = 6E9C95F0231149F5007C18FE /* XCRemoteSwiftPackageReference "TLVCoding" */;
			productName = TLVCoding;
		};
		6ED81FE0231662E200B69520 /* CryptoSwift */ = {
			isa = XCSwiftPackageProductDependency;
			package = 6E9C95E823114962007C18FE /* XCRemoteSwiftPackageReference "CryptoSwift" */;
			productName = CryptoSwift;
		};
		6ED81FE2231662E200B69520 /* DarwinGATT */ = {
			isa = XCSwiftPackageProductDependency;
			package = 6E9C95EB231149A5007C18FE /* XCRemoteSwiftPackageReference "GATT" */;
			productName = DarwinGATT;
		};
		6ED81FE4231662E200B69520 /* GATT */ = {
			isa = XCSwiftPackageProductDependency;
			package = 6E9C95EB231149A5007C18FE /* XCRemoteSwiftPackageReference "GATT" */;
			productName = GATT;
		};
		6ED81FE6231662E200B69520 /* TLVCoding */ = {
			isa = XCSwiftPackageProductDependency;
			package = 6E9C95F0231149F5007C18FE /* XCRemoteSwiftPackageReference "TLVCoding" */;
			productName = TLVCoding;
		};
		6ED81FE8231662F100B69520 /* CryptoSwift */ = {
			isa = XCSwiftPackageProductDependency;
			package = 6E9C95E823114962007C18FE /* XCRemoteSwiftPackageReference "CryptoSwift" */;
			productName = CryptoSwift;
		};
		6ED81FEA231662F100B69520 /* DarwinGATT */ = {
			isa = XCSwiftPackageProductDependency;
			package = 6E9C95EB231149A5007C18FE /* XCRemoteSwiftPackageReference "GATT" */;
			productName = DarwinGATT;
		};
		6ED81FEC231662F100B69520 /* GATT */ = {
			isa = XCSwiftPackageProductDependency;
			package = 6E9C95EB231149A5007C18FE /* XCRemoteSwiftPackageReference "GATT" */;
			productName = GATT;
		};
		6ED81FEE231662F100B69520 /* TLVCoding */ = {
			isa = XCSwiftPackageProductDependency;
			package = 6E9C95F0231149F5007C18FE /* XCRemoteSwiftPackageReference "TLVCoding" */;
			productName = TLVCoding;
		};
		6ED81FF0231662FB00B69520 /* CryptoSwift */ = {
			isa = XCSwiftPackageProductDependency;
			package = 6E9C95E823114962007C18FE /* XCRemoteSwiftPackageReference "CryptoSwift" */;
			productName = CryptoSwift;
		};
		6ED81FF2231662FB00B69520 /* DarwinGATT */ = {
			isa = XCSwiftPackageProductDependency;
			package = 6E9C95EB231149A5007C18FE /* XCRemoteSwiftPackageReference "GATT" */;
			productName = DarwinGATT;
		};
		6ED81FF4231662FB00B69520 /* GATT */ = {
			isa = XCSwiftPackageProductDependency;
			package = 6E9C95EB231149A5007C18FE /* XCRemoteSwiftPackageReference "GATT" */;
			productName = GATT;
		};
		6ED81FF6231662FB00B69520 /* TLVCoding */ = {
			isa = XCSwiftPackageProductDependency;
			package = 6E9C95F0231149F5007C18FE /* XCRemoteSwiftPackageReference "TLVCoding" */;
			productName = TLVCoding;
		};
/* End XCSwiftPackageProductDependency section */
	};
	rootObject = 52D6D9731BEFF229002C0205 /* Project object */;
}
